// !$*UTF8*$!
{
	archiveVersion = 1;
	classes = {
	};
	objectVersion = 46;
	objects = {

/* Begin PBXBuildFile section */
		AB30A28A1C23FA9A00EEE76F /* abchina@2x.png in Resources */ = {isa = PBXBuildFile; fileRef = AB30A23E1C23FA9A00EEE76F /* abchina@2x.png */; };
		AB30A28B1C23FA9A00EEE76F /* bankofamerica@2x.png in Resources */ = {isa = PBXBuildFile; fileRef = AB30A23F1C23FA9A00EEE76F /* bankofamerica@2x.png */; };
		AB30A28C1C23FA9A00EEE76F /* barclays@2x.png in Resources */ = {isa = PBXBuildFile; fileRef = AB30A2401C23FA9A00EEE76F /* barclays@2x.png */; };
		AB30A28D1C23FA9A00EEE76F /* bnpparibas@2x.png in Resources */ = {isa = PBXBuildFile; fileRef = AB30A2411C23FA9A00EEE76F /* bnpparibas@2x.png */; };
		AB30A28E1C23FA9A00EEE76F /* boc@2x.png in Resources */ = {isa = PBXBuildFile; fileRef = AB30A2421C23FA9A00EEE76F /* boc@2x.png */; };
		AB30A28F1C23FA9A00EEE76F /* ccb@2x.png in Resources */ = {isa = PBXBuildFile; fileRef = AB30A2431C23FA9A00EEE76F /* ccb@2x.png */; };
		AB30A2901C23FA9A00EEE76F /* citi@2x.png in Resources */ = {isa = PBXBuildFile; fileRef = AB30A2441C23FA9A00EEE76F /* citi@2x.png */; };
		AB30A2911C23FA9A00EEE76F /* credit-agricole@2x.png in Resources */ = {isa = PBXBuildFile; fileRef = AB30A2451C23FA9A00EEE76F /* credit-agricole@2x.png */; };
		AB30A2921C23FA9A00EEE76F /* db@2x.png in Resources */ = {isa = PBXBuildFile; fileRef = AB30A2461C23FA9A00EEE76F /* db@2x.png */; };
		AB30A2931C23FA9A00EEE76F /* goldmansachs@2x.png in Resources */ = {isa = PBXBuildFile; fileRef = AB30A2471C23FA9A00EEE76F /* goldmansachs@2x.png */; };
		AB30A2941C23FA9A00EEE76F /* hsbc@2x.png in Resources */ = {isa = PBXBuildFile; fileRef = AB30A2481C23FA9A00EEE76F /* hsbc@2x.png */; };
		AB30A2951C23FA9A00EEE76F /* icbc@2x.png in Resources */ = {isa = PBXBuildFile; fileRef = AB30A2491C23FA9A00EEE76F /* icbc@2x.png */; };
		AB30A2961C23FA9A00EEE76F /* intesasanpaolo@2x.png in Resources */ = {isa = PBXBuildFile; fileRef = AB30A24A1C23FA9A00EEE76F /* intesasanpaolo@2x.png */; };
		AB30A2971C23FA9A00EEE76F /* jpmorganchase@2x.png in Resources */ = {isa = PBXBuildFile; fileRef = AB30A24B1C23FA9A00EEE76F /* jpmorganchase@2x.png */; };
		AB30A2981C23FA9A00EEE76F /* rabobank@2x.png in Resources */ = {isa = PBXBuildFile; fileRef = AB30A24C1C23FA9A00EEE76F /* rabobank@2x.png */; };
		AB30A2991C23FA9A00EEE76F /* rbs@2x.png in Resources */ = {isa = PBXBuildFile; fileRef = AB30A24D1C23FA9A00EEE76F /* rbs@2x.png */; };
		AB30A29A1C23FA9A00EEE76F /* santander@2x.png in Resources */ = {isa = PBXBuildFile; fileRef = AB30A24E1C23FA9A00EEE76F /* santander@2x.png */; };
		AB30A29B1C23FA9A00EEE76F /* societegenerale@2x.png in Resources */ = {isa = PBXBuildFile; fileRef = AB30A24F1C23FA9A00EEE76F /* societegenerale@2x.png */; };
		AB30A29C1C23FA9A00EEE76F /* unicreditgroup@2x.png in Resources */ = {isa = PBXBuildFile; fileRef = AB30A2501C23FA9A00EEE76F /* unicreditgroup@2x.png */; };
		AB30A29D1C23FA9A00EEE76F /* wellsfargo@2x.png in Resources */ = {isa = PBXBuildFile; fileRef = AB30A2511C23FA9A00EEE76F /* wellsfargo@2x.png */; };
		AB30A29E1C23FA9A00EEE76F /* IconRes.plist in Resources */ = {isa = PBXBuildFile; fileRef = AB30A2521C23FA9A00EEE76F /* IconRes.plist */; };
		AB30A29F1C23FA9A00EEE76F /* carrefour@2x.png in Resources */ = {isa = PBXBuildFile; fileRef = AB30A2541C23FA9A00EEE76F /* carrefour@2x.png */; };
		AB30A2A01C23FA9A00EEE76F /* decathlon@2x.png in Resources */ = {isa = PBXBuildFile; fileRef = AB30A2551C23FA9A00EEE76F /* decathlon@2x.png */; };
		AB30A2A11C23FA9A00EEE76F /* esprit@2x.png in Resources */ = {isa = PBXBuildFile; fileRef = AB30A2561C23FA9A00EEE76F /* esprit@2x.png */; };
		AB30A2A21C23FA9A00EEE76F /* gap@2x.png in Resources */ = {isa = PBXBuildFile; fileRef = AB30A2571C23FA9A00EEE76F /* gap@2x.png */; };
		AB30A2A31C23FA9A00EEE76F /* gnc@2x.png in Resources */ = {isa = PBXBuildFile; fileRef = AB30A2581C23FA9A00EEE76F /* gnc@2x.png */; };
		AB30A2A41C23FA9A00EEE76F /* hilton@2x.png in Resources */ = {isa = PBXBuildFile; fileRef = AB30A2591C23FA9A00EEE76F /* hilton@2x.png */; };
		AB30A2A51C23FA9A00EEE76F /* ikea@2x.png in Resources */ = {isa = PBXBuildFile; fileRef = AB30A25A1C23FA9A00EEE76F /* ikea@2x.png */; };
		AB30A2A61C23FA9A00EEE76F /* mcard_entertain@2x.png in Resources */ = {isa = PBXBuildFile; fileRef = AB30A25B1C23FA9A00EEE76F /* mcard_entertain@2x.png */; };
		AB30A2A71C23FA9A00EEE76F /* mcard_food@2x.png in Resources */ = {isa = PBXBuildFile; fileRef = AB30A25C1C23FA9A00EEE76F /* mcard_food@2x.png */; };
		AB30A2A81C23FA9A00EEE76F /* mcard_hotel@2x.png in Resources */ = {isa = PBXBuildFile; fileRef = AB30A25D1C23FA9A00EEE76F /* mcard_hotel@2x.png */; };
		AB30A2A91C23FA9A00EEE76F /* mcard_mail@2x.png in Resources */ = {isa = PBXBuildFile; fileRef = AB30A25E1C23FA9A00EEE76F /* mcard_mail@2x.png */; };
		AB30A2AA1C23FA9A00EEE76F /* mcard_more@2x.png in Resources */ = {isa = PBXBuildFile; fileRef = AB30A25F1C23FA9A00EEE76F /* mcard_more@2x.png */; };
		AB30A2AB1C23FA9A00EEE76F /* mcard_shop@2x.png in Resources */ = {isa = PBXBuildFile; fileRef = AB30A2601C23FA9A00EEE76F /* mcard_shop@2x.png */; };
		AB30A2AC1C23FA9A00EEE76F /* mcard_sns@2x.png in Resources */ = {isa = PBXBuildFile; fileRef = AB30A2611C23FA9A00EEE76F /* mcard_sns@2x.png */; };
		AB30A2AD1C23FA9A00EEE76F /* mcard_video@2x.png in Resources */ = {isa = PBXBuildFile; fileRef = AB30A2621C23FA9A00EEE76F /* mcard_video@2x.png */; };
		AB30A2AE1C23FA9A00EEE76F /* sheraton@2x.png in Resources */ = {isa = PBXBuildFile; fileRef = AB30A2631C23FA9A00EEE76F /* sheraton@2x.png */; };
		AB30A2AF1C23FA9A00EEE76F /* starbucks@2x.png in Resources */ = {isa = PBXBuildFile; fileRef = AB30A2641C23FA9A00EEE76F /* starbucks@2x.png */; };
		AB30A2B01C23FA9A00EEE76F /* walmart@2x.png in Resources */ = {isa = PBXBuildFile; fileRef = AB30A2651C23FA9A00EEE76F /* walmart@2x.png */; };
		AB30A2B11C23FA9A00EEE76F /* 126@2x.png in Resources */ = {isa = PBXBuildFile; fileRef = AB30A2671C23FA9A00EEE76F /* 126@2x.png */; };
		AB30A2B21C23FA9A00EEE76F /* 163@2x.png in Resources */ = {isa = PBXBuildFile; fileRef = AB30A2681C23FA9A00EEE76F /* 163@2x.png */; };
		AB30A2B31C23FA9A00EEE76F /* agoda@2x.png in Resources */ = {isa = PBXBuildFile; fileRef = AB30A2691C23FA9A00EEE76F /* agoda@2x.png */; };
		AB30A2B41C23FA9A00EEE76F /* airbnb@2x.png in Resources */ = {isa = PBXBuildFile; fileRef = AB30A26A1C23FA9A00EEE76F /* airbnb@2x.png */; };
		AB30A2B51C23FA9A00EEE76F /* amazon@2x.png in Resources */ = {isa = PBXBuildFile; fileRef = AB30A26B1C23FA9A00EEE76F /* amazon@2x.png */; };
		AB30A2B61C23FA9A00EEE76F /* apple@2x.png in Resources */ = {isa = PBXBuildFile; fileRef = AB30A26C1C23FA9A00EEE76F /* apple@2x.png */; };
		AB30A2B71C23FA9A00EEE76F /* baidu@2x.png in Resources */ = {isa = PBXBuildFile; fileRef = AB30A26D1C23FA9A00EEE76F /* baidu@2x.png */; };
		AB30A2B81C23FA9A00EEE76F /* dropbox@2x.png in Resources */ = {isa = PBXBuildFile; fileRef = AB30A26E1C23FA9A00EEE76F /* dropbox@2x.png */; };
		AB30A2B91C23FA9A00EEE76F /* ebay@2x.png in Resources */ = {isa = PBXBuildFile; fileRef = AB30A26F1C23FA9A00EEE76F /* ebay@2x.png */; };
		AB30A2BA1C23FA9A00EEE76F /* evernote@2x.png in Resources */ = {isa = PBXBuildFile; fileRef = AB30A2701C23FA9A00EEE76F /* evernote@2x.png */; };
		AB30A2BB1C23FA9A00EEE76F /* facebook@2x.png in Resources */ = {isa = PBXBuildFile; fileRef = AB30A2711C23FA9A00EEE76F /* facebook@2x.png */; };
		AB30A2BC1C23FA9A00EEE76F /* gap@2x.png in Resources */ = {isa = PBXBuildFile; fileRef = AB30A2721C23FA9A00EEE76F /* gap@2x.png */; };
		AB30A2BD1C23FA9A00EEE76F /* github@2x.png in Resources */ = {isa = PBXBuildFile; fileRef = AB30A2731C23FA9A00EEE76F /* github@2x.png */; };
		AB30A2BE1C23FA9A00EEE76F /* gmail@2x.png in Resources */ = {isa = PBXBuildFile; fileRef = AB30A2741C23FA9A00EEE76F /* gmail@2x.png */; };
		AB30A2BF1C23FA9A00EEE76F /* google+@2x.png in Resources */ = {isa = PBXBuildFile; fileRef = AB30A2751C23FA9A00EEE76F /* google+@2x.png */; };
		AB30A2C01C23FA9A00EEE76F /* google@2x.png in Resources */ = {isa = PBXBuildFile; fileRef = AB30A2761C23FA9A00EEE76F /* google@2x.png */; };
		AB30A2C11C23FA9A00EEE76F /* hotmail@2x.png in Resources */ = {isa = PBXBuildFile; fileRef = AB30A2771C23FA9A00EEE76F /* hotmail@2x.png */; };
		AB30A2C21C23FA9A00EEE76F /* instagram@2x.png in Resources */ = {isa = PBXBuildFile; fileRef = AB30A2781C23FA9A00EEE76F /* instagram@2x.png */; };
		AB30A2C31C23FA9A00EEE76F /* linkedin@2x.png in Resources */ = {isa = PBXBuildFile; fileRef = AB30A2791C23FA9A00EEE76F /* linkedin@2x.png */; };
		AB30A2C41C23FA9A00EEE76F /* live@2x.png in Resources */ = {isa = PBXBuildFile; fileRef = AB30A27A1C23FA9A00EEE76F /* live@2x.png */; };
		AB30A2C51C23FA9A00EEE76F /* outlook@2x.png in Resources */ = {isa = PBXBuildFile; fileRef = AB30A27B1C23FA9A00EEE76F /* outlook@2x.png */; };
		AB30A2C61C23FA9A00EEE76F /* path@2x.png in Resources */ = {isa = PBXBuildFile; fileRef = AB30A27C1C23FA9A00EEE76F /* path@2x.png */; };
		AB30A2C71C23FA9A00EEE76F /* paypal@2x.png in Resources */ = {isa = PBXBuildFile; fileRef = AB30A27D1C23FA9A00EEE76F /* paypal@2x.png */; };
		AB30A2C81C23FA9A00EEE76F /* pinterest@2x.png in Resources */ = {isa = PBXBuildFile; fileRef = AB30A27E1C23FA9A00EEE76F /* pinterest@2x.png */; };
		AB30A2C91C23FA9A00EEE76F /* pocket@2x.png in Resources */ = {isa = PBXBuildFile; fileRef = AB30A27F1C23FA9A00EEE76F /* pocket@2x.png */; };
		AB30A2CA1C23FA9A00EEE76F /* qq mail@2x.png in Resources */ = {isa = PBXBuildFile; fileRef = AB30A2801C23FA9A00EEE76F /* qq mail@2x.png */; };
		AB30A2CB1C23FA9A00EEE76F /* taobao@2x.png in Resources */ = {isa = PBXBuildFile; fileRef = AB30A2811C23FA9A00EEE76F /* taobao@2x.png */; };
		AB30A2CC1C23FA9A00EEE76F /* tumblr@2x.png in Resources */ = {isa = PBXBuildFile; fileRef = AB30A2821C23FA9A00EEE76F /* tumblr@2x.png */; };
		AB30A2CD1C23FA9A00EEE76F /* twitter@2x.png in Resources */ = {isa = PBXBuildFile; fileRef = AB30A2831C23FA9A00EEE76F /* twitter@2x.png */; };
		AB30A2CE1C23FA9A00EEE76F /* vine@2x.png in Resources */ = {isa = PBXBuildFile; fileRef = AB30A2841C23FA9A00EEE76F /* vine@2x.png */; };
		AB30A2CF1C23FA9A00EEE76F /* weibo@2x.png in Resources */ = {isa = PBXBuildFile; fileRef = AB30A2851C23FA9A00EEE76F /* weibo@2x.png */; };
		AB30A2D01C23FA9A00EEE76F /* whatsapp@2x.png in Resources */ = {isa = PBXBuildFile; fileRef = AB30A2861C23FA9A00EEE76F /* whatsapp@2x.png */; };
		AB30A2D11C23FA9A00EEE76F /* yahoo mail@2x.png in Resources */ = {isa = PBXBuildFile; fileRef = AB30A2871C23FA9A00EEE76F /* yahoo mail@2x.png */; };
		AB30A2D21C23FA9A00EEE76F /* yahoo@2x.png in Resources */ = {isa = PBXBuildFile; fileRef = AB30A2881C23FA9A00EEE76F /* yahoo@2x.png */; };
		AB30A2D31C23FA9A00EEE76F /* youtube@2x.png in Resources */ = {isa = PBXBuildFile; fileRef = AB30A2891C23FA9A00EEE76F /* youtube@2x.png */; };
		AB30A2E51C24047500EEE76F /* LEOBaseNavigationController.m in Sources */ = {isa = PBXBuildFile; fileRef = AB30A2D61C24047500EEE76F /* LEOBaseNavigationController.m */; };
		AB30A2E61C24047500EEE76F /* LEODropListTableViewCell.m in Sources */ = {isa = PBXBuildFile; fileRef = AB30A2D81C24047500EEE76F /* LEODropListTableViewCell.m */; };
		AB30A2E71C24047500EEE76F /* LEODropTableTextField.m in Sources */ = {isa = PBXBuildFile; fileRef = AB30A2DA1C24047500EEE76F /* LEODropTableTextField.m */; };
		AB30A2E81C24047500EEE76F /* LEOFileUtil.m in Sources */ = {isa = PBXBuildFile; fileRef = AB30A2DC1C24047500EEE76F /* LEOFileUtil.m */; };
		AB30A2E91C24047500EEE76F /* LEOPopupIconMenu.m in Sources */ = {isa = PBXBuildFile; fileRef = AB30A2DE1C24047500EEE76F /* LEOPopupIconMenu.m */; };
		AB30A2EA1C24047500EEE76F /* LEOWebInfo.m in Sources */ = {isa = PBXBuildFile; fileRef = AB30A2E01C24047500EEE76F /* LEOWebInfo.m */; };
		AB30A2EB1C24047500EEE76F /* NSString+CheckString.m in Sources */ = {isa = PBXBuildFile; fileRef = AB30A2E21C24047500EEE76F /* NSString+CheckString.m */; };
		AB30A2EC1C24047500EEE76F /* UITool.m in Sources */ = {isa = PBXBuildFile; fileRef = AB30A2E41C24047500EEE76F /* UITool.m */; };
		AB30A2F31C24047D00EEE76F /* AppDelegate.m in Sources */ = {isa = PBXBuildFile; fileRef = AB30A2EF1C24047D00EEE76F /* AppDelegate.m */; };
		AB30A2F41C24047D00EEE76F /* TLSTabBarViewController.m in Sources */ = {isa = PBXBuildFile; fileRef = AB30A2F11C24047D00EEE76F /* TLSTabBarViewController.m */; };
		ABB491151C23D6C10063F3B3 /* main.m in Sources */ = {isa = PBXBuildFile; fileRef = ABB491141C23D6C10063F3B3 /* main.m */; };
		ABB4911E1C23D6C10063F3B3 /* Main.storyboard in Resources */ = {isa = PBXBuildFile; fileRef = ABB4911C1C23D6C10063F3B3 /* Main.storyboard */; };
		ABB491201C23D6C10063F3B3 /* Assets.xcassets in Resources */ = {isa = PBXBuildFile; fileRef = ABB4911F1C23D6C10063F3B3 /* Assets.xcassets */; };
		ABB491231C23D6C10063F3B3 /* LaunchScreen.storyboard in Resources */ = {isa = PBXBuildFile; fileRef = ABB491211C23D6C10063F3B3 /* LaunchScreen.storyboard */; };
		ABB4912E1C23D6C10063F3B3 /* TLSTableViewTests.m in Sources */ = {isa = PBXBuildFile; fileRef = ABB4912D1C23D6C10063F3B3 /* TLSTableViewTests.m */; };
		ABB491391C23D6C10063F3B3 /* TLSTableViewUITests.m in Sources */ = {isa = PBXBuildFile; fileRef = ABB491381C23D6C10063F3B3 /* TLSTableViewUITests.m */; };
		ABB491771C23D6F80063F3B3 /* LEOBoxBasicCellBottomViewConfig.m in Sources */ = {isa = PBXBuildFile; fileRef = ABB491481C23D6F80063F3B3 /* LEOBoxBasicCellBottomViewConfig.m */; };
		ABB491781C23D6F80063F3B3 /* LEOBoxBasicCellConfig.m in Sources */ = {isa = PBXBuildFile; fileRef = ABB4914A1C23D6F80063F3B3 /* LEOBoxBasicCellConfig.m */; };
		ABB4917A1C23D6F80063F3B3 /* LEOBoxViewController.m in Sources */ = {isa = PBXBuildFile; fileRef = ABB491501C23D6F80063F3B3 /* LEOBoxViewController.m */; };
		ABB491811C23D6F80063F3B3 /* LEOBoxBaseBottomCell.m in Sources */ = {isa = PBXBuildFile; fileRef = ABB491621C23D6F80063F3B3 /* LEOBoxBaseBottomCell.m */; };
		ABB491821C23D6F80063F3B3 /* LEOBoxBaseCell.m in Sources */ = {isa = PBXBuildFile; fileRef = ABB491641C23D6F80063F3B3 /* LEOBoxBaseCell.m */; };
		ABB491831C23D6F80063F3B3 /* LEOBoxBaseCellBottomView.m in Sources */ = {isa = PBXBuildFile; fileRef = ABB491661C23D6F80063F3B3 /* LEOBoxBaseCellBottomView.m */; };
		ABB491841C23D6F80063F3B3 /* LEOBoxBaseCellTopView.m in Sources */ = {isa = PBXBuildFile; fileRef = ABB491691C23D6F80063F3B3 /* LEOBoxBaseCellTopView.m */; };
		ABB491871C23D6F80063F3B3 /* LEOBoxTextField.m in Sources */ = {isa = PBXBuildFile; fileRef = ABB491701C23D6F80063F3B3 /* LEOBoxTextField.m */; };
		ABB4918A1C23D6F80063F3B3 /* UITableView+Wave.m in Sources */ = {isa = PBXBuildFile; fileRef = ABB491761C23D6F80063F3B3 /* UITableView+Wave.m */; };
		ABB491901C23D7240063F3B3 /* LEOSDataManager.m in Sources */ = {isa = PBXBuildFile; fileRef = ABB4918D1C23D7240063F3B3 /* LEOSDataManager.m */; };
		ABB491911C23D7240063F3B3 /* LEOSecurityBoxDataBaseObject.m in Sources */ = {isa = PBXBuildFile; fileRef = ABB4918F1C23D7240063F3B3 /* LEOSecurityBoxDataBaseObject.m */; };
		ABB491981C23D7300063F3B3 /* LEOSBankCard.m in Sources */ = {isa = PBXBuildFile; fileRef = ABB491931C23D7300063F3B3 /* LEOSBankCard.m */; };
		ABB491991C23D7300063F3B3 /* LEOSLoginInfo.m in Sources */ = {isa = PBXBuildFile; fileRef = ABB491951C23D7300063F3B3 /* LEOSLoginInfo.m */; };
		ABB4919A1C23D7300063F3B3 /* LEOSMembCard.m in Sources */ = {isa = PBXBuildFile; fileRef = ABB491971C23D7300063F3B3 /* LEOSMembCard.m */; };
		ABB491A41C23DE160063F3B3 /* DataManager.m in Sources */ = {isa = PBXBuildFile; fileRef = ABB491A31C23DE160063F3B3 /* DataManager.m */; };
		ABB491DD1C23E99C0063F3B3 /* FMDatabase.m in Sources */ = {isa = PBXBuildFile; fileRef = ABB491D31C23E99C0063F3B3 /* FMDatabase.m */; };
		ABB491DE1C23E99C0063F3B3 /* FMDatabaseAdditions.m in Sources */ = {isa = PBXBuildFile; fileRef = ABB491D51C23E99C0063F3B3 /* FMDatabaseAdditions.m */; };
		ABB491DF1C23E99C0063F3B3 /* FMDatabasePool.m in Sources */ = {isa = PBXBuildFile; fileRef = ABB491D71C23E99C0063F3B3 /* FMDatabasePool.m */; };
		ABB491E01C23E99C0063F3B3 /* FMDatabaseQueue.m in Sources */ = {isa = PBXBuildFile; fileRef = ABB491D91C23E99C0063F3B3 /* FMDatabaseQueue.m */; };
		ABB491E11C23E99C0063F3B3 /* FMResultSet.m in Sources */ = {isa = PBXBuildFile; fileRef = ABB491DC1C23E99C0063F3B3 /* FMResultSet.m */; };
		ABB491E31C23EB380063F3B3 /* libsqlite3.tbd in Frameworks */ = {isa = PBXBuildFile; fileRef = ABB491E21C23EB380063F3B3 /* libsqlite3.tbd */; };
/* End PBXBuildFile section */

/* Begin PBXContainerItemProxy section */
		ABB4912A1C23D6C10063F3B3 /* PBXContainerItemProxy */ = {
			isa = PBXContainerItemProxy;
			containerPortal = ABB491081C23D6C10063F3B3 /* Project object */;
			proxyType = 1;
			remoteGlobalIDString = ABB4910F1C23D6C10063F3B3;
			remoteInfo = TLSTableView;
		};
		ABB491351C23D6C10063F3B3 /* PBXContainerItemProxy */ = {
			isa = PBXContainerItemProxy;
			containerPortal = ABB491081C23D6C10063F3B3 /* Project object */;
			proxyType = 1;
			remoteGlobalIDString = ABB4910F1C23D6C10063F3B3;
			remoteInfo = TLSTableView;
		};
/* End PBXContainerItemProxy section */

/* Begin PBXFileReference section */
		AB30A23E1C23FA9A00EEE76F /* abchina@2x.png */ = {isa = PBXFileReference; lastKnownFileType = image.png; path = "abchina@2x.png"; sourceTree = "<group>"; };
		AB30A23F1C23FA9A00EEE76F /* bankofamerica@2x.png */ = {isa = PBXFileReference; lastKnownFileType = image.png; path = "bankofamerica@2x.png"; sourceTree = "<group>"; };
		AB30A2401C23FA9A00EEE76F /* barclays@2x.png */ = {isa = PBXFileReference; lastKnownFileType = image.png; path = "barclays@2x.png"; sourceTree = "<group>"; };
		AB30A2411C23FA9A00EEE76F /* bnpparibas@2x.png */ = {isa = PBXFileReference; lastKnownFileType = image.png; path = "bnpparibas@2x.png"; sourceTree = "<group>"; };
		AB30A2421C23FA9A00EEE76F /* boc@2x.png */ = {isa = PBXFileReference; lastKnownFileType = image.png; path = "boc@2x.png"; sourceTree = "<group>"; };
		AB30A2431C23FA9A00EEE76F /* ccb@2x.png */ = {isa = PBXFileReference; lastKnownFileType = image.png; path = "ccb@2x.png"; sourceTree = "<group>"; };
		AB30A2441C23FA9A00EEE76F /* citi@2x.png */ = {isa = PBXFileReference; lastKnownFileType = image.png; path = "citi@2x.png"; sourceTree = "<group>"; };
		AB30A2451C23FA9A00EEE76F /* credit-agricole@2x.png */ = {isa = PBXFileReference; lastKnownFileType = image.png; path = "credit-agricole@2x.png"; sourceTree = "<group>"; };
		AB30A2461C23FA9A00EEE76F /* db@2x.png */ = {isa = PBXFileReference; lastKnownFileType = image.png; path = "db@2x.png"; sourceTree = "<group>"; };
		AB30A2471C23FA9A00EEE76F /* goldmansachs@2x.png */ = {isa = PBXFileReference; lastKnownFileType = image.png; path = "goldmansachs@2x.png"; sourceTree = "<group>"; };
		AB30A2481C23FA9A00EEE76F /* hsbc@2x.png */ = {isa = PBXFileReference; lastKnownFileType = image.png; path = "hsbc@2x.png"; sourceTree = "<group>"; };
		AB30A2491C23FA9A00EEE76F /* icbc@2x.png */ = {isa = PBXFileReference; lastKnownFileType = image.png; path = "icbc@2x.png"; sourceTree = "<group>"; };
		AB30A24A1C23FA9A00EEE76F /* intesasanpaolo@2x.png */ = {isa = PBXFileReference; lastKnownFileType = image.png; path = "intesasanpaolo@2x.png"; sourceTree = "<group>"; };
		AB30A24B1C23FA9A00EEE76F /* jpmorganchase@2x.png */ = {isa = PBXFileReference; lastKnownFileType = image.png; path = "jpmorganchase@2x.png"; sourceTree = "<group>"; };
		AB30A24C1C23FA9A00EEE76F /* rabobank@2x.png */ = {isa = PBXFileReference; lastKnownFileType = image.png; path = "rabobank@2x.png"; sourceTree = "<group>"; };
		AB30A24D1C23FA9A00EEE76F /* rbs@2x.png */ = {isa = PBXFileReference; lastKnownFileType = image.png; path = "rbs@2x.png"; sourceTree = "<group>"; };
		AB30A24E1C23FA9A00EEE76F /* santander@2x.png */ = {isa = PBXFileReference; lastKnownFileType = image.png; path = "santander@2x.png"; sourceTree = "<group>"; };
		AB30A24F1C23FA9A00EEE76F /* societegenerale@2x.png */ = {isa = PBXFileReference; lastKnownFileType = image.png; path = "societegenerale@2x.png"; sourceTree = "<group>"; };
		AB30A2501C23FA9A00EEE76F /* unicreditgroup@2x.png */ = {isa = PBXFileReference; lastKnownFileType = image.png; path = "unicreditgroup@2x.png"; sourceTree = "<group>"; };
		AB30A2511C23FA9A00EEE76F /* wellsfargo@2x.png */ = {isa = PBXFileReference; lastKnownFileType = image.png; path = "wellsfargo@2x.png"; sourceTree = "<group>"; };
		AB30A2521C23FA9A00EEE76F /* IconRes.plist */ = {isa = PBXFileReference; fileEncoding = 4; lastKnownFileType = text.plist.xml; path = IconRes.plist; sourceTree = "<group>"; };
		AB30A2541C23FA9A00EEE76F /* carrefour@2x.png */ = {isa = PBXFileReference; lastKnownFileType = image.png; path = "carrefour@2x.png"; sourceTree = "<group>"; };
		AB30A2551C23FA9A00EEE76F /* decathlon@2x.png */ = {isa = PBXFileReference; lastKnownFileType = image.png; path = "decathlon@2x.png"; sourceTree = "<group>"; };
		AB30A2561C23FA9A00EEE76F /* esprit@2x.png */ = {isa = PBXFileReference; lastKnownFileType = image.png; path = "esprit@2x.png"; sourceTree = "<group>"; };
		AB30A2571C23FA9A00EEE76F /* gap@2x.png */ = {isa = PBXFileReference; lastKnownFileType = image.png; path = "gap@2x.png"; sourceTree = "<group>"; };
		AB30A2581C23FA9A00EEE76F /* gnc@2x.png */ = {isa = PBXFileReference; lastKnownFileType = image.png; path = "gnc@2x.png"; sourceTree = "<group>"; };
		AB30A2591C23FA9A00EEE76F /* hilton@2x.png */ = {isa = PBXFileReference; lastKnownFileType = image.png; path = "hilton@2x.png"; sourceTree = "<group>"; };
		AB30A25A1C23FA9A00EEE76F /* ikea@2x.png */ = {isa = PBXFileReference; lastKnownFileType = image.png; path = "ikea@2x.png"; sourceTree = "<group>"; };
		AB30A25B1C23FA9A00EEE76F /* mcard_entertain@2x.png */ = {isa = PBXFileReference; lastKnownFileType = image.png; path = "mcard_entertain@2x.png"; sourceTree = "<group>"; };
		AB30A25C1C23FA9A00EEE76F /* mcard_food@2x.png */ = {isa = PBXFileReference; lastKnownFileType = image.png; path = "mcard_food@2x.png"; sourceTree = "<group>"; };
		AB30A25D1C23FA9A00EEE76F /* mcard_hotel@2x.png */ = {isa = PBXFileReference; lastKnownFileType = image.png; path = "mcard_hotel@2x.png"; sourceTree = "<group>"; };
		AB30A25E1C23FA9A00EEE76F /* mcard_mail@2x.png */ = {isa = PBXFileReference; lastKnownFileType = image.png; path = "mcard_mail@2x.png"; sourceTree = "<group>"; };
		AB30A25F1C23FA9A00EEE76F /* mcard_more@2x.png */ = {isa = PBXFileReference; lastKnownFileType = image.png; path = "mcard_more@2x.png"; sourceTree = "<group>"; };
		AB30A2601C23FA9A00EEE76F /* mcard_shop@2x.png */ = {isa = PBXFileReference; lastKnownFileType = image.png; path = "mcard_shop@2x.png"; sourceTree = "<group>"; };
		AB30A2611C23FA9A00EEE76F /* mcard_sns@2x.png */ = {isa = PBXFileReference; lastKnownFileType = image.png; path = "mcard_sns@2x.png"; sourceTree = "<group>"; };
		AB30A2621C23FA9A00EEE76F /* mcard_video@2x.png */ = {isa = PBXFileReference; lastKnownFileType = image.png; path = "mcard_video@2x.png"; sourceTree = "<group>"; };
		AB30A2631C23FA9A00EEE76F /* sheraton@2x.png */ = {isa = PBXFileReference; lastKnownFileType = image.png; path = "sheraton@2x.png"; sourceTree = "<group>"; };
		AB30A2641C23FA9A00EEE76F /* starbucks@2x.png */ = {isa = PBXFileReference; lastKnownFileType = image.png; path = "starbucks@2x.png"; sourceTree = "<group>"; };
		AB30A2651C23FA9A00EEE76F /* walmart@2x.png */ = {isa = PBXFileReference; lastKnownFileType = image.png; path = "walmart@2x.png"; sourceTree = "<group>"; };
		AB30A2671C23FA9A00EEE76F /* 126@2x.png */ = {isa = PBXFileReference; lastKnownFileType = image.png; path = "126@2x.png"; sourceTree = "<group>"; };
		AB30A2681C23FA9A00EEE76F /* 163@2x.png */ = {isa = PBXFileReference; lastKnownFileType = image.png; path = "163@2x.png"; sourceTree = "<group>"; };
		AB30A2691C23FA9A00EEE76F /* agoda@2x.png */ = {isa = PBXFileReference; lastKnownFileType = image.png; path = "agoda@2x.png"; sourceTree = "<group>"; };
		AB30A26A1C23FA9A00EEE76F /* airbnb@2x.png */ = {isa = PBXFileReference; lastKnownFileType = image.png; path = "airbnb@2x.png"; sourceTree = "<group>"; };
		AB30A26B1C23FA9A00EEE76F /* amazon@2x.png */ = {isa = PBXFileReference; lastKnownFileType = image.png; path = "amazon@2x.png"; sourceTree = "<group>"; };
		AB30A26C1C23FA9A00EEE76F /* apple@2x.png */ = {isa = PBXFileReference; lastKnownFileType = image.png; path = "apple@2x.png"; sourceTree = "<group>"; };
		AB30A26D1C23FA9A00EEE76F /* baidu@2x.png */ = {isa = PBXFileReference; lastKnownFileType = image.png; path = "baidu@2x.png"; sourceTree = "<group>"; };
		AB30A26E1C23FA9A00EEE76F /* dropbox@2x.png */ = {isa = PBXFileReference; lastKnownFileType = image.png; path = "dropbox@2x.png"; sourceTree = "<group>"; };
		AB30A26F1C23FA9A00EEE76F /* ebay@2x.png */ = {isa = PBXFileReference; lastKnownFileType = image.png; path = "ebay@2x.png"; sourceTree = "<group>"; };
		AB30A2701C23FA9A00EEE76F /* evernote@2x.png */ = {isa = PBXFileReference; lastKnownFileType = image.png; path = "evernote@2x.png"; sourceTree = "<group>"; };
		AB30A2711C23FA9A00EEE76F /* facebook@2x.png */ = {isa = PBXFileReference; lastKnownFileType = image.png; path = "facebook@2x.png"; sourceTree = "<group>"; };
		AB30A2721C23FA9A00EEE76F /* gap@2x.png */ = {isa = PBXFileReference; lastKnownFileType = image.png; path = "gap@2x.png"; sourceTree = "<group>"; };
		AB30A2731C23FA9A00EEE76F /* github@2x.png */ = {isa = PBXFileReference; lastKnownFileType = image.png; path = "github@2x.png"; sourceTree = "<group>"; };
		AB30A2741C23FA9A00EEE76F /* gmail@2x.png */ = {isa = PBXFileReference; lastKnownFileType = image.png; path = "gmail@2x.png"; sourceTree = "<group>"; };
		AB30A2751C23FA9A00EEE76F /* google+@2x.png */ = {isa = PBXFileReference; lastKnownFileType = image.png; path = "google+@2x.png"; sourceTree = "<group>"; };
		AB30A2761C23FA9A00EEE76F /* google@2x.png */ = {isa = PBXFileReference; lastKnownFileType = image.png; path = "google@2x.png"; sourceTree = "<group>"; };
		AB30A2771C23FA9A00EEE76F /* hotmail@2x.png */ = {isa = PBXFileReference; lastKnownFileType = image.png; path = "hotmail@2x.png"; sourceTree = "<group>"; };
		AB30A2781C23FA9A00EEE76F /* instagram@2x.png */ = {isa = PBXFileReference; lastKnownFileType = image.png; path = "instagram@2x.png"; sourceTree = "<group>"; };
		AB30A2791C23FA9A00EEE76F /* linkedin@2x.png */ = {isa = PBXFileReference; lastKnownFileType = image.png; path = "linkedin@2x.png"; sourceTree = "<group>"; };
		AB30A27A1C23FA9A00EEE76F /* live@2x.png */ = {isa = PBXFileReference; lastKnownFileType = image.png; path = "live@2x.png"; sourceTree = "<group>"; };
		AB30A27B1C23FA9A00EEE76F /* outlook@2x.png */ = {isa = PBXFileReference; lastKnownFileType = image.png; path = "outlook@2x.png"; sourceTree = "<group>"; };
		AB30A27C1C23FA9A00EEE76F /* path@2x.png */ = {isa = PBXFileReference; lastKnownFileType = image.png; path = "path@2x.png"; sourceTree = "<group>"; };
		AB30A27D1C23FA9A00EEE76F /* paypal@2x.png */ = {isa = PBXFileReference; lastKnownFileType = image.png; path = "paypal@2x.png"; sourceTree = "<group>"; };
		AB30A27E1C23FA9A00EEE76F /* pinterest@2x.png */ = {isa = PBXFileReference; lastKnownFileType = image.png; path = "pinterest@2x.png"; sourceTree = "<group>"; };
		AB30A27F1C23FA9A00EEE76F /* pocket@2x.png */ = {isa = PBXFileReference; lastKnownFileType = image.png; path = "pocket@2x.png"; sourceTree = "<group>"; };
		AB30A2801C23FA9A00EEE76F /* qq mail@2x.png */ = {isa = PBXFileReference; lastKnownFileType = image.png; path = "qq mail@2x.png"; sourceTree = "<group>"; };
		AB30A2811C23FA9A00EEE76F /* taobao@2x.png */ = {isa = PBXFileReference; lastKnownFileType = image.png; path = "taobao@2x.png"; sourceTree = "<group>"; };
		AB30A2821C23FA9A00EEE76F /* tumblr@2x.png */ = {isa = PBXFileReference; lastKnownFileType = image.png; path = "tumblr@2x.png"; sourceTree = "<group>"; };
		AB30A2831C23FA9A00EEE76F /* twitter@2x.png */ = {isa = PBXFileReference; lastKnownFileType = image.png; path = "twitter@2x.png"; sourceTree = "<group>"; };
		AB30A2841C23FA9A00EEE76F /* vine@2x.png */ = {isa = PBXFileReference; lastKnownFileType = image.png; path = "vine@2x.png"; sourceTree = "<group>"; };
		AB30A2851C23FA9A00EEE76F /* weibo@2x.png */ = {isa = PBXFileReference; lastKnownFileType = image.png; path = "weibo@2x.png"; sourceTree = "<group>"; };
		AB30A2861C23FA9A00EEE76F /* whatsapp@2x.png */ = {isa = PBXFileReference; lastKnownFileType = image.png; path = "whatsapp@2x.png"; sourceTree = "<group>"; };
		AB30A2871C23FA9A00EEE76F /* yahoo mail@2x.png */ = {isa = PBXFileReference; lastKnownFileType = image.png; path = "yahoo mail@2x.png"; sourceTree = "<group>"; };
		AB30A2881C23FA9A00EEE76F /* yahoo@2x.png */ = {isa = PBXFileReference; lastKnownFileType = image.png; path = "yahoo@2x.png"; sourceTree = "<group>"; };
		AB30A2891C23FA9A00EEE76F /* youtube@2x.png */ = {isa = PBXFileReference; lastKnownFileType = image.png; path = "youtube@2x.png"; sourceTree = "<group>"; };
		AB30A2D51C24047500EEE76F /* LEOBaseNavigationController.h */ = {isa = PBXFileReference; fileEncoding = 4; lastKnownFileType = sourcecode.c.h; path = LEOBaseNavigationController.h; sourceTree = "<group>"; };
		AB30A2D61C24047500EEE76F /* LEOBaseNavigationController.m */ = {isa = PBXFileReference; fileEncoding = 4; lastKnownFileType = sourcecode.c.objc; path = LEOBaseNavigationController.m; sourceTree = "<group>"; };
		AB30A2D71C24047500EEE76F /* LEODropListTableViewCell.h */ = {isa = PBXFileReference; fileEncoding = 4; lastKnownFileType = sourcecode.c.h; path = LEODropListTableViewCell.h; sourceTree = "<group>"; };
		AB30A2D81C24047500EEE76F /* LEODropListTableViewCell.m */ = {isa = PBXFileReference; fileEncoding = 4; lastKnownFileType = sourcecode.c.objc; path = LEODropListTableViewCell.m; sourceTree = "<group>"; };
		AB30A2D91C24047500EEE76F /* LEODropTableTextField.h */ = {isa = PBXFileReference; fileEncoding = 4; lastKnownFileType = sourcecode.c.h; path = LEODropTableTextField.h; sourceTree = "<group>"; };
		AB30A2DA1C24047500EEE76F /* LEODropTableTextField.m */ = {isa = PBXFileReference; fileEncoding = 4; lastKnownFileType = sourcecode.c.objc; path = LEODropTableTextField.m; sourceTree = "<group>"; };
		AB30A2DB1C24047500EEE76F /* LEOFileUtil.h */ = {isa = PBXFileReference; fileEncoding = 4; lastKnownFileType = sourcecode.c.h; path = LEOFileUtil.h; sourceTree = "<group>"; };
		AB30A2DC1C24047500EEE76F /* LEOFileUtil.m */ = {isa = PBXFileReference; fileEncoding = 4; lastKnownFileType = sourcecode.c.objc; path = LEOFileUtil.m; sourceTree = "<group>"; };
		AB30A2DD1C24047500EEE76F /* LEOPopupIconMenu.h */ = {isa = PBXFileReference; fileEncoding = 4; lastKnownFileType = sourcecode.c.h; path = LEOPopupIconMenu.h; sourceTree = "<group>"; };
		AB30A2DE1C24047500EEE76F /* LEOPopupIconMenu.m */ = {isa = PBXFileReference; fileEncoding = 4; lastKnownFileType = sourcecode.c.objc; path = LEOPopupIconMenu.m; sourceTree = "<group>"; };
		AB30A2DF1C24047500EEE76F /* LEOWebInfo.h */ = {isa = PBXFileReference; fileEncoding = 4; lastKnownFileType = sourcecode.c.h; path = LEOWebInfo.h; sourceTree = "<group>"; };
		AB30A2E01C24047500EEE76F /* LEOWebInfo.m */ = {isa = PBXFileReference; fileEncoding = 4; lastKnownFileType = sourcecode.c.objc; path = LEOWebInfo.m; sourceTree = "<group>"; };
		AB30A2E11C24047500EEE76F /* NSString+CheckString.h */ = {isa = PBXFileReference; fileEncoding = 4; lastKnownFileType = sourcecode.c.h; path = "NSString+CheckString.h"; sourceTree = "<group>"; };
		AB30A2E21C24047500EEE76F /* NSString+CheckString.m */ = {isa = PBXFileReference; fileEncoding = 4; lastKnownFileType = sourcecode.c.objc; path = "NSString+CheckString.m"; sourceTree = "<group>"; };
		AB30A2E31C24047500EEE76F /* UITool.h */ = {isa = PBXFileReference; fileEncoding = 4; lastKnownFileType = sourcecode.c.h; path = UITool.h; sourceTree = "<group>"; };
		AB30A2E41C24047500EEE76F /* UITool.m */ = {isa = PBXFileReference; fileEncoding = 4; lastKnownFileType = sourcecode.c.objc; path = UITool.m; sourceTree = "<group>"; };
		AB30A2EE1C24047D00EEE76F /* AppDelegate.h */ = {isa = PBXFileReference; fileEncoding = 4; lastKnownFileType = sourcecode.c.h; path = AppDelegate.h; sourceTree = "<group>"; };
		AB30A2EF1C24047D00EEE76F /* AppDelegate.m */ = {isa = PBXFileReference; fileEncoding = 4; lastKnownFileType = sourcecode.c.objc; path = AppDelegate.m; sourceTree = "<group>"; };
		AB30A2F01C24047D00EEE76F /* TLSTabBarViewController.h */ = {isa = PBXFileReference; fileEncoding = 4; lastKnownFileType = sourcecode.c.h; path = TLSTabBarViewController.h; sourceTree = "<group>"; };
		AB30A2F11C24047D00EEE76F /* TLSTabBarViewController.m */ = {isa = PBXFileReference; fileEncoding = 4; lastKnownFileType = sourcecode.c.objc; path = TLSTabBarViewController.m; sourceTree = "<group>"; };
		AB30A2F21C24047D00EEE76F /* TLSUIStandardHeader.h */ = {isa = PBXFileReference; fileEncoding = 4; lastKnownFileType = sourcecode.c.h; path = TLSUIStandardHeader.h; sourceTree = "<group>"; };
		ABB491101C23D6C10063F3B3 /* TLSTableView.app */ = {isa = PBXFileReference; explicitFileType = wrapper.application; includeInIndex = 0; path = TLSTableView.app; sourceTree = BUILT_PRODUCTS_DIR; };
		ABB491141C23D6C10063F3B3 /* main.m */ = {isa = PBXFileReference; lastKnownFileType = sourcecode.c.objc; path = main.m; sourceTree = "<group>"; };
		ABB4911D1C23D6C10063F3B3 /* Base */ = {isa = PBXFileReference; lastKnownFileType = file.storyboard; name = Base; path = Base.lproj/Main.storyboard; sourceTree = "<group>"; };
		ABB4911F1C23D6C10063F3B3 /* Assets.xcassets */ = {isa = PBXFileReference; lastKnownFileType = folder.assetcatalog; path = Assets.xcassets; sourceTree = "<group>"; };
		ABB491221C23D6C10063F3B3 /* Base */ = {isa = PBXFileReference; lastKnownFileType = file.storyboard; name = Base; path = Base.lproj/LaunchScreen.storyboard; sourceTree = "<group>"; };
		ABB491241C23D6C10063F3B3 /* Info.plist */ = {isa = PBXFileReference; lastKnownFileType = text.plist.xml; path = Info.plist; sourceTree = "<group>"; };
		ABB491291C23D6C10063F3B3 /* TLSTableViewTests.xctest */ = {isa = PBXFileReference; explicitFileType = wrapper.cfbundle; includeInIndex = 0; path = TLSTableViewTests.xctest; sourceTree = BUILT_PRODUCTS_DIR; };
		ABB4912D1C23D6C10063F3B3 /* TLSTableViewTests.m */ = {isa = PBXFileReference; lastKnownFileType = sourcecode.c.objc; path = TLSTableViewTests.m; sourceTree = "<group>"; };
		ABB4912F1C23D6C10063F3B3 /* Info.plist */ = {isa = PBXFileReference; lastKnownFileType = text.plist.xml; path = Info.plist; sourceTree = "<group>"; };
		ABB491341C23D6C10063F3B3 /* TLSTableViewUITests.xctest */ = {isa = PBXFileReference; explicitFileType = wrapper.cfbundle; includeInIndex = 0; path = TLSTableViewUITests.xctest; sourceTree = BUILT_PRODUCTS_DIR; };
		ABB491381C23D6C10063F3B3 /* TLSTableViewUITests.m */ = {isa = PBXFileReference; lastKnownFileType = sourcecode.c.objc; path = TLSTableViewUITests.m; sourceTree = "<group>"; };
		ABB4913A1C23D6C10063F3B3 /* Info.plist */ = {isa = PBXFileReference; lastKnownFileType = text.plist.xml; path = Info.plist; sourceTree = "<group>"; };
		ABB491471C23D6F80063F3B3 /* LEOBoxBasicCellBottomViewConfig.h */ = {isa = PBXFileReference; fileEncoding = 4; lastKnownFileType = sourcecode.c.h; path = LEOBoxBasicCellBottomViewConfig.h; sourceTree = "<group>"; };
		ABB491481C23D6F80063F3B3 /* LEOBoxBasicCellBottomViewConfig.m */ = {isa = PBXFileReference; fileEncoding = 4; lastKnownFileType = sourcecode.c.objc; path = LEOBoxBasicCellBottomViewConfig.m; sourceTree = "<group>"; };
		ABB491491C23D6F80063F3B3 /* LEOBoxBasicCellConfig.h */ = {isa = PBXFileReference; fileEncoding = 4; lastKnownFileType = sourcecode.c.h; path = LEOBoxBasicCellConfig.h; sourceTree = "<group>"; };
		ABB4914A1C23D6F80063F3B3 /* LEOBoxBasicCellConfig.m */ = {isa = PBXFileReference; fileEncoding = 4; lastKnownFileType = sourcecode.c.objc; path = LEOBoxBasicCellConfig.m; sourceTree = "<group>"; };
		ABB4914B1C23D6F80063F3B3 /* LEOBoxBasicCellConfigHeader.h */ = {isa = PBXFileReference; fileEncoding = 4; lastKnownFileType = sourcecode.c.h; path = LEOBoxBasicCellConfigHeader.h; sourceTree = "<group>"; };
		ABB4914F1C23D6F80063F3B3 /* LEOBoxViewController.h */ = {isa = PBXFileReference; fileEncoding = 4; lastKnownFileType = sourcecode.c.h; path = LEOBoxViewController.h; sourceTree = "<group>"; };
		ABB491501C23D6F80063F3B3 /* LEOBoxViewController.m */ = {isa = PBXFileReference; fileEncoding = 4; lastKnownFileType = sourcecode.c.objc; path = LEOBoxViewController.m; sourceTree = "<group>"; };
		ABB491611C23D6F80063F3B3 /* LEOBoxBaseBottomCell.h */ = {isa = PBXFileReference; fileEncoding = 4; lastKnownFileType = sourcecode.c.h; path = LEOBoxBaseBottomCell.h; sourceTree = "<group>"; };
		ABB491621C23D6F80063F3B3 /* LEOBoxBaseBottomCell.m */ = {isa = PBXFileReference; fileEncoding = 4; lastKnownFileType = sourcecode.c.objc; path = LEOBoxBaseBottomCell.m; sourceTree = "<group>"; };
		ABB491631C23D6F80063F3B3 /* LEOBoxBaseCell.h */ = {isa = PBXFileReference; fileEncoding = 4; lastKnownFileType = sourcecode.c.h; path = LEOBoxBaseCell.h; sourceTree = "<group>"; };
		ABB491641C23D6F80063F3B3 /* LEOBoxBaseCell.m */ = {isa = PBXFileReference; fileEncoding = 4; lastKnownFileType = sourcecode.c.objc; path = LEOBoxBaseCell.m; sourceTree = "<group>"; };
		ABB491651C23D6F80063F3B3 /* LEOBoxBaseCellBottomView.h */ = {isa = PBXFileReference; fileEncoding = 4; lastKnownFileType = sourcecode.c.h; path = LEOBoxBaseCellBottomView.h; sourceTree = "<group>"; };
		ABB491661C23D6F80063F3B3 /* LEOBoxBaseCellBottomView.m */ = {isa = PBXFileReference; fileEncoding = 4; lastKnownFileType = sourcecode.c.objc; path = LEOBoxBaseCellBottomView.m; sourceTree = "<group>"; };
		ABB491671C23D6F80063F3B3 /* LEOBoxBaseCellHeader.h */ = {isa = PBXFileReference; fileEncoding = 4; lastKnownFileType = sourcecode.c.h; path = LEOBoxBaseCellHeader.h; sourceTree = "<group>"; };
		ABB491681C23D6F80063F3B3 /* LEOBoxBaseCellTopView.h */ = {isa = PBXFileReference; fileEncoding = 4; lastKnownFileType = sourcecode.c.h; path = LEOBoxBaseCellTopView.h; sourceTree = "<group>"; };
		ABB491691C23D6F80063F3B3 /* LEOBoxBaseCellTopView.m */ = {isa = PBXFileReference; fileEncoding = 4; lastKnownFileType = sourcecode.c.objc; path = LEOBoxBaseCellTopView.m; sourceTree = "<group>"; };
		ABB4916F1C23D6F80063F3B3 /* LEOBoxTextField.h */ = {isa = PBXFileReference; fileEncoding = 4; lastKnownFileType = sourcecode.c.h; path = LEOBoxTextField.h; sourceTree = "<group>"; };
		ABB491701C23D6F80063F3B3 /* LEOBoxTextField.m */ = {isa = PBXFileReference; fileEncoding = 4; lastKnownFileType = sourcecode.c.objc; path = LEOBoxTextField.m; sourceTree = "<group>"; };
		ABB491751C23D6F80063F3B3 /* UITableView+Wave.h */ = {isa = PBXFileReference; fileEncoding = 4; lastKnownFileType = sourcecode.c.h; path = "UITableView+Wave.h"; sourceTree = "<group>"; };
		ABB491761C23D6F80063F3B3 /* UITableView+Wave.m */ = {isa = PBXFileReference; fileEncoding = 4; lastKnownFileType = sourcecode.c.objc; path = "UITableView+Wave.m"; sourceTree = "<group>"; };
		ABB4918C1C23D7240063F3B3 /* LEOSDataManager.h */ = {isa = PBXFileReference; fileEncoding = 4; lastKnownFileType = sourcecode.c.h; path = LEOSDataManager.h; sourceTree = "<group>"; };
		ABB4918D1C23D7240063F3B3 /* LEOSDataManager.m */ = {isa = PBXFileReference; fileEncoding = 4; lastKnownFileType = sourcecode.c.objc; path = LEOSDataManager.m; sourceTree = "<group>"; };
		ABB4918E1C23D7240063F3B3 /* LEOSecurityBoxDataBaseObject.h */ = {isa = PBXFileReference; fileEncoding = 4; lastKnownFileType = sourcecode.c.h; path = LEOSecurityBoxDataBaseObject.h; sourceTree = "<group>"; };
		ABB4918F1C23D7240063F3B3 /* LEOSecurityBoxDataBaseObject.m */ = {isa = PBXFileReference; fileEncoding = 4; lastKnownFileType = sourcecode.c.objc; path = LEOSecurityBoxDataBaseObject.m; sourceTree = "<group>"; };
		ABB491921C23D7300063F3B3 /* LEOSBankCard.h */ = {isa = PBXFileReference; fileEncoding = 4; lastKnownFileType = sourcecode.c.h; path = LEOSBankCard.h; sourceTree = "<group>"; };
		ABB491931C23D7300063F3B3 /* LEOSBankCard.m */ = {isa = PBXFileReference; fileEncoding = 4; lastKnownFileType = sourcecode.c.objc; path = LEOSBankCard.m; sourceTree = "<group>"; };
		ABB491941C23D7300063F3B3 /* LEOSLoginInfo.h */ = {isa = PBXFileReference; fileEncoding = 4; lastKnownFileType = sourcecode.c.h; path = LEOSLoginInfo.h; sourceTree = "<group>"; };
		ABB491951C23D7300063F3B3 /* LEOSLoginInfo.m */ = {isa = PBXFileReference; fileEncoding = 4; lastKnownFileType = sourcecode.c.objc; path = LEOSLoginInfo.m; sourceTree = "<group>"; };
		ABB491961C23D7300063F3B3 /* LEOSMembCard.h */ = {isa = PBXFileReference; fileEncoding = 4; lastKnownFileType = sourcecode.c.h; path = LEOSMembCard.h; sourceTree = "<group>"; };
		ABB491971C23D7300063F3B3 /* LEOSMembCard.m */ = {isa = PBXFileReference; fileEncoding = 4; lastKnownFileType = sourcecode.c.objc; path = LEOSMembCard.m; sourceTree = "<group>"; };
		ABB491A21C23DE160063F3B3 /* DataManager.h */ = {isa = PBXFileReference; fileEncoding = 4; lastKnownFileType = sourcecode.c.h; path = DataManager.h; sourceTree = "<group>"; };
		ABB491A31C23DE160063F3B3 /* DataManager.m */ = {isa = PBXFileReference; fileEncoding = 4; lastKnownFileType = sourcecode.c.objc; path = DataManager.m; sourceTree = "<group>"; };
		ABB491D21C23E99C0063F3B3 /* FMDatabase.h */ = {isa = PBXFileReference; fileEncoding = 4; lastKnownFileType = sourcecode.c.h; path = FMDatabase.h; sourceTree = "<group>"; };
		ABB491D31C23E99C0063F3B3 /* FMDatabase.m */ = {isa = PBXFileReference; fileEncoding = 4; lastKnownFileType = sourcecode.c.objc; path = FMDatabase.m; sourceTree = "<group>"; };
		ABB491D41C23E99C0063F3B3 /* FMDatabaseAdditions.h */ = {isa = PBXFileReference; fileEncoding = 4; lastKnownFileType = sourcecode.c.h; path = FMDatabaseAdditions.h; sourceTree = "<group>"; };
		ABB491D51C23E99C0063F3B3 /* FMDatabaseAdditions.m */ = {isa = PBXFileReference; fileEncoding = 4; lastKnownFileType = sourcecode.c.objc; path = FMDatabaseAdditions.m; sourceTree = "<group>"; };
		ABB491D61C23E99C0063F3B3 /* FMDatabasePool.h */ = {isa = PBXFileReference; fileEncoding = 4; lastKnownFileType = sourcecode.c.h; path = FMDatabasePool.h; sourceTree = "<group>"; };
		ABB491D71C23E99C0063F3B3 /* FMDatabasePool.m */ = {isa = PBXFileReference; fileEncoding = 4; lastKnownFileType = sourcecode.c.objc; path = FMDatabasePool.m; sourceTree = "<group>"; };
		ABB491D81C23E99C0063F3B3 /* FMDatabaseQueue.h */ = {isa = PBXFileReference; fileEncoding = 4; lastKnownFileType = sourcecode.c.h; path = FMDatabaseQueue.h; sourceTree = "<group>"; };
		ABB491D91C23E99C0063F3B3 /* FMDatabaseQueue.m */ = {isa = PBXFileReference; fileEncoding = 4; lastKnownFileType = sourcecode.c.objc; path = FMDatabaseQueue.m; sourceTree = "<group>"; };
		ABB491DA1C23E99C0063F3B3 /* FMDB.h */ = {isa = PBXFileReference; fileEncoding = 4; lastKnownFileType = sourcecode.c.h; path = FMDB.h; sourceTree = "<group>"; };
		ABB491DB1C23E99C0063F3B3 /* FMResultSet.h */ = {isa = PBXFileReference; fileEncoding = 4; lastKnownFileType = sourcecode.c.h; path = FMResultSet.h; sourceTree = "<group>"; };
		ABB491DC1C23E99C0063F3B3 /* FMResultSet.m */ = {isa = PBXFileReference; fileEncoding = 4; lastKnownFileType = sourcecode.c.objc; path = FMResultSet.m; sourceTree = "<group>"; };
		ABB491E21C23EB380063F3B3 /* libsqlite3.tbd */ = {isa = PBXFileReference; lastKnownFileType = "sourcecode.text-based-dylib-definition"; name = libsqlite3.tbd; path = usr/lib/libsqlite3.tbd; sourceTree = SDKROOT; };
/* End PBXFileReference section */

/* Begin PBXFrameworksBuildPhase section */
		ABB4910D1C23D6C10063F3B3 /* Frameworks */ = {
			isa = PBXFrameworksBuildPhase;
			buildActionMask = 2147483647;
			files = (
				ABB491E31C23EB380063F3B3 /* libsqlite3.tbd in Frameworks */,
			);
			runOnlyForDeploymentPostprocessing = 0;
		};
		ABB491261C23D6C10063F3B3 /* Frameworks */ = {
			isa = PBXFrameworksBuildPhase;
			buildActionMask = 2147483647;
			files = (
			);
			runOnlyForDeploymentPostprocessing = 0;
		};
		ABB491311C23D6C10063F3B3 /* Frameworks */ = {
			isa = PBXFrameworksBuildPhase;
			buildActionMask = 2147483647;
			files = (
			);
			runOnlyForDeploymentPostprocessing = 0;
		};
/* End PBXFrameworksBuildPhase section */

/* Begin PBXGroup section */
		AB30A23C1C23FA9A00EEE76F /* WebIcons */ = {
			isa = PBXGroup;
			children = (
				AB30A2521C23FA9A00EEE76F /* IconRes.plist */,
				AB30A23D1C23FA9A00EEE76F /* bIcon */,
				AB30A2531C23FA9A00EEE76F /* mIcon */,
				AB30A2661C23FA9A00EEE76F /* wIcon */,
			);
			path = WebIcons;
			sourceTree = "<group>";
		};
		AB30A23D1C23FA9A00EEE76F /* bIcon */ = {
			isa = PBXGroup;
			children = (
				AB30A23E1C23FA9A00EEE76F /* abchina@2x.png */,
				AB30A23F1C23FA9A00EEE76F /* bankofamerica@2x.png */,
				AB30A2401C23FA9A00EEE76F /* barclays@2x.png */,
				AB30A2411C23FA9A00EEE76F /* bnpparibas@2x.png */,
				AB30A2421C23FA9A00EEE76F /* boc@2x.png */,
				AB30A2431C23FA9A00EEE76F /* ccb@2x.png */,
				AB30A2441C23FA9A00EEE76F /* citi@2x.png */,
				AB30A2451C23FA9A00EEE76F /* credit-agricole@2x.png */,
				AB30A2461C23FA9A00EEE76F /* db@2x.png */,
				AB30A2471C23FA9A00EEE76F /* goldmansachs@2x.png */,
				AB30A2481C23FA9A00EEE76F /* hsbc@2x.png */,
				AB30A2491C23FA9A00EEE76F /* icbc@2x.png */,
				AB30A24A1C23FA9A00EEE76F /* intesasanpaolo@2x.png */,
				AB30A24B1C23FA9A00EEE76F /* jpmorganchase@2x.png */,
				AB30A24C1C23FA9A00EEE76F /* rabobank@2x.png */,
				AB30A24D1C23FA9A00EEE76F /* rbs@2x.png */,
				AB30A24E1C23FA9A00EEE76F /* santander@2x.png */,
				AB30A24F1C23FA9A00EEE76F /* societegenerale@2x.png */,
				AB30A2501C23FA9A00EEE76F /* unicreditgroup@2x.png */,
				AB30A2511C23FA9A00EEE76F /* wellsfargo@2x.png */,
			);
			path = bIcon;
			sourceTree = "<group>";
		};
		AB30A2531C23FA9A00EEE76F /* mIcon */ = {
			isa = PBXGroup;
			children = (
				AB30A2541C23FA9A00EEE76F /* carrefour@2x.png */,
				AB30A2551C23FA9A00EEE76F /* decathlon@2x.png */,
				AB30A2561C23FA9A00EEE76F /* esprit@2x.png */,
				AB30A2571C23FA9A00EEE76F /* gap@2x.png */,
				AB30A2581C23FA9A00EEE76F /* gnc@2x.png */,
				AB30A2591C23FA9A00EEE76F /* hilton@2x.png */,
				AB30A25A1C23FA9A00EEE76F /* ikea@2x.png */,
				AB30A25B1C23FA9A00EEE76F /* mcard_entertain@2x.png */,
				AB30A25C1C23FA9A00EEE76F /* mcard_food@2x.png */,
				AB30A25D1C23FA9A00EEE76F /* mcard_hotel@2x.png */,
				AB30A25E1C23FA9A00EEE76F /* mcard_mail@2x.png */,
				AB30A25F1C23FA9A00EEE76F /* mcard_more@2x.png */,
				AB30A2601C23FA9A00EEE76F /* mcard_shop@2x.png */,
				AB30A2611C23FA9A00EEE76F /* mcard_sns@2x.png */,
				AB30A2621C23FA9A00EEE76F /* mcard_video@2x.png */,
				AB30A2631C23FA9A00EEE76F /* sheraton@2x.png */,
				AB30A2641C23FA9A00EEE76F /* starbucks@2x.png */,
				AB30A2651C23FA9A00EEE76F /* walmart@2x.png */,
			);
			path = mIcon;
			sourceTree = "<group>";
		};
		AB30A2661C23FA9A00EEE76F /* wIcon */ = {
			isa = PBXGroup;
			children = (
				AB30A2671C23FA9A00EEE76F /* 126@2x.png */,
				AB30A2681C23FA9A00EEE76F /* 163@2x.png */,
				AB30A2691C23FA9A00EEE76F /* agoda@2x.png */,
				AB30A26A1C23FA9A00EEE76F /* airbnb@2x.png */,
				AB30A26B1C23FA9A00EEE76F /* amazon@2x.png */,
				AB30A26C1C23FA9A00EEE76F /* apple@2x.png */,
				AB30A26D1C23FA9A00EEE76F /* baidu@2x.png */,
				AB30A26E1C23FA9A00EEE76F /* dropbox@2x.png */,
				AB30A26F1C23FA9A00EEE76F /* ebay@2x.png */,
				AB30A2701C23FA9A00EEE76F /* evernote@2x.png */,
				AB30A2711C23FA9A00EEE76F /* facebook@2x.png */,
				AB30A2721C23FA9A00EEE76F /* gap@2x.png */,
				AB30A2731C23FA9A00EEE76F /* github@2x.png */,
				AB30A2741C23FA9A00EEE76F /* gmail@2x.png */,
				AB30A2751C23FA9A00EEE76F /* google+@2x.png */,
				AB30A2761C23FA9A00EEE76F /* google@2x.png */,
				AB30A2771C23FA9A00EEE76F /* hotmail@2x.png */,
				AB30A2781C23FA9A00EEE76F /* instagram@2x.png */,
				AB30A2791C23FA9A00EEE76F /* linkedin@2x.png */,
				AB30A27A1C23FA9A00EEE76F /* live@2x.png */,
				AB30A27B1C23FA9A00EEE76F /* outlook@2x.png */,
				AB30A27C1C23FA9A00EEE76F /* path@2x.png */,
				AB30A27D1C23FA9A00EEE76F /* paypal@2x.png */,
				AB30A27E1C23FA9A00EEE76F /* pinterest@2x.png */,
				AB30A27F1C23FA9A00EEE76F /* pocket@2x.png */,
				AB30A2801C23FA9A00EEE76F /* qq mail@2x.png */,
				AB30A2811C23FA9A00EEE76F /* taobao@2x.png */,
				AB30A2821C23FA9A00EEE76F /* tumblr@2x.png */,
				AB30A2831C23FA9A00EEE76F /* twitter@2x.png */,
				AB30A2841C23FA9A00EEE76F /* vine@2x.png */,
				AB30A2851C23FA9A00EEE76F /* weibo@2x.png */,
				AB30A2861C23FA9A00EEE76F /* whatsapp@2x.png */,
				AB30A2871C23FA9A00EEE76F /* yahoo mail@2x.png */,
				AB30A2881C23FA9A00EEE76F /* yahoo@2x.png */,
				AB30A2891C23FA9A00EEE76F /* youtube@2x.png */,
			);
			path = wIcon;
			sourceTree = "<group>";
		};
		AB30A2D41C24047500EEE76F /* Other */ = {
			isa = PBXGroup;
			children = (
				AB30A2D51C24047500EEE76F /* LEOBaseNavigationController.h */,
				AB30A2D61C24047500EEE76F /* LEOBaseNavigationController.m */,
				AB30A2D71C24047500EEE76F /* LEODropListTableViewCell.h */,
				AB30A2D81C24047500EEE76F /* LEODropListTableViewCell.m */,
				AB30A2D91C24047500EEE76F /* LEODropTableTextField.h */,
				AB30A2DA1C24047500EEE76F /* LEODropTableTextField.m */,
				AB30A2DB1C24047500EEE76F /* LEOFileUtil.h */,
				AB30A2DC1C24047500EEE76F /* LEOFileUtil.m */,
				AB30A2DD1C24047500EEE76F /* LEOPopupIconMenu.h */,
				AB30A2DE1C24047500EEE76F /* LEOPopupIconMenu.m */,
				AB30A2DF1C24047500EEE76F /* LEOWebInfo.h */,
				AB30A2E01C24047500EEE76F /* LEOWebInfo.m */,
				AB30A2E11C24047500EEE76F /* NSString+CheckString.h */,
				AB30A2E21C24047500EEE76F /* NSString+CheckString.m */,
				AB30A2E31C24047500EEE76F /* UITool.h */,
				AB30A2E41C24047500EEE76F /* UITool.m */,
			);
			path = Other;
			sourceTree = "<group>";
		};
		AB30A2ED1C24047D00EEE76F /* Main */ = {
			isa = PBXGroup;
			children = (
				AB30A2EE1C24047D00EEE76F /* AppDelegate.h */,
				AB30A2EF1C24047D00EEE76F /* AppDelegate.m */,
				AB30A2F01C24047D00EEE76F /* TLSTabBarViewController.h */,
				AB30A2F11C24047D00EEE76F /* TLSTabBarViewController.m */,
				AB30A2F21C24047D00EEE76F /* TLSUIStandardHeader.h */,
			);
			path = Main;
			sourceTree = "<group>";
		};
		ABB491071C23D6C10063F3B3 = {
			isa = PBXGroup;
			children = (
				ABB491E21C23EB380063F3B3 /* libsqlite3.tbd */,
				ABB491121C23D6C10063F3B3 /* TLSTableView */,
				ABB4912C1C23D6C10063F3B3 /* TLSTableViewTests */,
				ABB491371C23D6C10063F3B3 /* TLSTableViewUITests */,
				ABB491111C23D6C10063F3B3 /* Products */,
			);
			sourceTree = "<group>";
		};
		ABB491111C23D6C10063F3B3 /* Products */ = {
			isa = PBXGroup;
			children = (
				ABB491101C23D6C10063F3B3 /* TLSTableView.app */,
				ABB491291C23D6C10063F3B3 /* TLSTableViewTests.xctest */,
				ABB491341C23D6C10063F3B3 /* TLSTableViewUITests.xctest */,
			);
			name = Products;
			sourceTree = "<group>";
		};
		ABB491121C23D6C10063F3B3 /* TLSTableView */ = {
			isa = PBXGroup;
			children = (
				AB30A2ED1C24047D00EEE76F /* Main */,
				AB30A2D41C24047500EEE76F /* Other */,
				AB30A23C1C23FA9A00EEE76F /* WebIcons */,
				ABB491D11C23E99C0063F3B3 /* FMDB */,
				ABB4918B1C23D71B0063F3B3 /* Data */,
				ABB491461C23D6F80063F3B3 /* Configs */,
				ABB4914C1C23D6F80063F3B3 /* Controller */,
				ABB4915C1C23D6F80063F3B3 /* View */,
				ABB4911C1C23D6C10063F3B3 /* Main.storyboard */,
				ABB4911F1C23D6C10063F3B3 /* Assets.xcassets */,
				ABB491211C23D6C10063F3B3 /* LaunchScreen.storyboard */,
				ABB491241C23D6C10063F3B3 /* Info.plist */,
				ABB491131C23D6C10063F3B3 /* Supporting Files */,
			);
			path = TLSTableView;
			sourceTree = "<group>";
		};
		ABB491131C23D6C10063F3B3 /* Supporting Files */ = {
			isa = PBXGroup;
			children = (
				ABB491141C23D6C10063F3B3 /* main.m */,
			);
			name = "Supporting Files";
			sourceTree = "<group>";
		};
		ABB4912C1C23D6C10063F3B3 /* TLSTableViewTests */ = {
			isa = PBXGroup;
			children = (
				ABB4912D1C23D6C10063F3B3 /* TLSTableViewTests.m */,
				ABB4912F1C23D6C10063F3B3 /* Info.plist */,
			);
			path = TLSTableViewTests;
			sourceTree = "<group>";
		};
		ABB491371C23D6C10063F3B3 /* TLSTableViewUITests */ = {
			isa = PBXGroup;
			children = (
				ABB491381C23D6C10063F3B3 /* TLSTableViewUITests.m */,
				ABB4913A1C23D6C10063F3B3 /* Info.plist */,
			);
			path = TLSTableViewUITests;
			sourceTree = "<group>";
		};
		ABB491461C23D6F80063F3B3 /* Configs */ = {
			isa = PBXGroup;
			children = (
				ABB491471C23D6F80063F3B3 /* LEOBoxBasicCellBottomViewConfig.h */,
				ABB491481C23D6F80063F3B3 /* LEOBoxBasicCellBottomViewConfig.m */,
				ABB491491C23D6F80063F3B3 /* LEOBoxBasicCellConfig.h */,
				ABB4914A1C23D6F80063F3B3 /* LEOBoxBasicCellConfig.m */,
				ABB4914B1C23D6F80063F3B3 /* LEOBoxBasicCellConfigHeader.h */,
			);
			path = Configs;
			sourceTree = "<group>";
		};
		ABB4914C1C23D6F80063F3B3 /* Controller */ = {
			isa = PBXGroup;
			children = (
				ABB4914F1C23D6F80063F3B3 /* LEOBoxViewController.h */,
				ABB491501C23D6F80063F3B3 /* LEOBoxViewController.m */,
			);
			path = Controller;
			sourceTree = "<group>";
		};
		ABB4915C1C23D6F80063F3B3 /* View */ = {
			isa = PBXGroup;
			children = (
				ABB491601C23D6F80063F3B3 /* BoxView */,
				ABB4916A1C23D6F80063F3B3 /* RelyView */,
			);
			path = View;
			sourceTree = "<group>";
		};
		ABB491601C23D6F80063F3B3 /* BoxView */ = {
			isa = PBXGroup;
			children = (
				ABB491611C23D6F80063F3B3 /* LEOBoxBaseBottomCell.h */,
				ABB491621C23D6F80063F3B3 /* LEOBoxBaseBottomCell.m */,
				ABB491631C23D6F80063F3B3 /* LEOBoxBaseCell.h */,
				ABB491641C23D6F80063F3B3 /* LEOBoxBaseCell.m */,
				ABB491651C23D6F80063F3B3 /* LEOBoxBaseCellBottomView.h */,
				ABB491661C23D6F80063F3B3 /* LEOBoxBaseCellBottomView.m */,
				ABB491671C23D6F80063F3B3 /* LEOBoxBaseCellHeader.h */,
				ABB491681C23D6F80063F3B3 /* LEOBoxBaseCellTopView.h */,
				ABB491691C23D6F80063F3B3 /* LEOBoxBaseCellTopView.m */,
			);
			path = BoxView;
			sourceTree = "<group>";
		};
		ABB4916A1C23D6F80063F3B3 /* RelyView */ = {
			isa = PBXGroup;
			children = (
				ABB4916F1C23D6F80063F3B3 /* LEOBoxTextField.h */,
				ABB491701C23D6F80063F3B3 /* LEOBoxTextField.m */,
				ABB491751C23D6F80063F3B3 /* UITableView+Wave.h */,
				ABB491761C23D6F80063F3B3 /* UITableView+Wave.m */,
			);
			path = RelyView;
			sourceTree = "<group>";
		};
		ABB4918B1C23D71B0063F3B3 /* Data */ = {
			isa = PBXGroup;
			children = (
				ABB491A21C23DE160063F3B3 /* DataManager.h */,
				ABB491A31C23DE160063F3B3 /* DataManager.m */,
				ABB4918C1C23D7240063F3B3 /* LEOSDataManager.h */,
				ABB4918D1C23D7240063F3B3 /* LEOSDataManager.m */,
				ABB4918E1C23D7240063F3B3 /* LEOSecurityBoxDataBaseObject.h */,
				ABB4918F1C23D7240063F3B3 /* LEOSecurityBoxDataBaseObject.m */,
				ABB491921C23D7300063F3B3 /* LEOSBankCard.h */,
				ABB491931C23D7300063F3B3 /* LEOSBankCard.m */,
				ABB491941C23D7300063F3B3 /* LEOSLoginInfo.h */,
				ABB491951C23D7300063F3B3 /* LEOSLoginInfo.m */,
				ABB491961C23D7300063F3B3 /* LEOSMembCard.h */,
				ABB491971C23D7300063F3B3 /* LEOSMembCard.m */,
			);
			path = Data;
			sourceTree = "<group>";
		};
		ABB491D11C23E99C0063F3B3 /* FMDB */ = {
			isa = PBXGroup;
			children = (
				ABB491D21C23E99C0063F3B3 /* FMDatabase.h */,
				ABB491D31C23E99C0063F3B3 /* FMDatabase.m */,
				ABB491D41C23E99C0063F3B3 /* FMDatabaseAdditions.h */,
				ABB491D51C23E99C0063F3B3 /* FMDatabaseAdditions.m */,
				ABB491D61C23E99C0063F3B3 /* FMDatabasePool.h */,
				ABB491D71C23E99C0063F3B3 /* FMDatabasePool.m */,
				ABB491D81C23E99C0063F3B3 /* FMDatabaseQueue.h */,
				ABB491D91C23E99C0063F3B3 /* FMDatabaseQueue.m */,
				ABB491DA1C23E99C0063F3B3 /* FMDB.h */,
				ABB491DB1C23E99C0063F3B3 /* FMResultSet.h */,
				ABB491DC1C23E99C0063F3B3 /* FMResultSet.m */,
			);
			path = FMDB;
			sourceTree = "<group>";
		};
/* End PBXGroup section */

/* Begin PBXNativeTarget section */
		ABB4910F1C23D6C10063F3B3 /* TLSTableView */ = {
			isa = PBXNativeTarget;
			buildConfigurationList = ABB4913D1C23D6C10063F3B3 /* Build configuration list for PBXNativeTarget "TLSTableView" */;
			buildPhases = (
				ABB4910C1C23D6C10063F3B3 /* Sources */,
				ABB4910D1C23D6C10063F3B3 /* Frameworks */,
				ABB4910E1C23D6C10063F3B3 /* Resources */,
			);
			buildRules = (
			);
			dependencies = (
			);
			name = TLSTableView;
			productName = TLSTableView;
			productReference = ABB491101C23D6C10063F3B3 /* TLSTableView.app */;
			productType = "com.apple.product-type.application";
		};
		ABB491281C23D6C10063F3B3 /* TLSTableViewTests */ = {
			isa = PBXNativeTarget;
			buildConfigurationList = ABB491401C23D6C10063F3B3 /* Build configuration list for PBXNativeTarget "TLSTableViewTests" */;
			buildPhases = (
				ABB491251C23D6C10063F3B3 /* Sources */,
				ABB491261C23D6C10063F3B3 /* Frameworks */,
				ABB491271C23D6C10063F3B3 /* Resources */,
			);
			buildRules = (
			);
			dependencies = (
				ABB4912B1C23D6C10063F3B3 /* PBXTargetDependency */,
			);
			name = TLSTableViewTests;
			productName = TLSTableViewTests;
			productReference = ABB491291C23D6C10063F3B3 /* TLSTableViewTests.xctest */;
			productType = "com.apple.product-type.bundle.unit-test";
		};
		ABB491331C23D6C10063F3B3 /* TLSTableViewUITests */ = {
			isa = PBXNativeTarget;
			buildConfigurationList = ABB491431C23D6C10063F3B3 /* Build configuration list for PBXNativeTarget "TLSTableViewUITests" */;
			buildPhases = (
				ABB491301C23D6C10063F3B3 /* Sources */,
				ABB491311C23D6C10063F3B3 /* Frameworks */,
				ABB491321C23D6C10063F3B3 /* Resources */,
			);
			buildRules = (
			);
			dependencies = (
				ABB491361C23D6C10063F3B3 /* PBXTargetDependency */,
			);
			name = TLSTableViewUITests;
			productName = TLSTableViewUITests;
			productReference = ABB491341C23D6C10063F3B3 /* TLSTableViewUITests.xctest */;
			productType = "com.apple.product-type.bundle.ui-testing";
		};
/* End PBXNativeTarget section */

/* Begin PBXProject section */
		ABB491081C23D6C10063F3B3 /* Project object */ = {
			isa = PBXProject;
			attributes = {
				LastUpgradeCheck = 0720;
				ORGANIZATIONNAME = Leomaster;
				TargetAttributes = {
					ABB4910F1C23D6C10063F3B3 = {
						CreatedOnToolsVersion = 7.2;
					};
					ABB491281C23D6C10063F3B3 = {
						CreatedOnToolsVersion = 7.2;
						TestTargetID = ABB4910F1C23D6C10063F3B3;
					};
					ABB491331C23D6C10063F3B3 = {
						CreatedOnToolsVersion = 7.2;
						TestTargetID = ABB4910F1C23D6C10063F3B3;
					};
				};
			};
			buildConfigurationList = ABB4910B1C23D6C10063F3B3 /* Build configuration list for PBXProject "TLSTableView" */;
			compatibilityVersion = "Xcode 3.2";
			developmentRegion = English;
			hasScannedForEncodings = 0;
			knownRegions = (
				en,
				Base,
			);
			mainGroup = ABB491071C23D6C10063F3B3;
			productRefGroup = ABB491111C23D6C10063F3B3 /* Products */;
			projectDirPath = "";
			projectRoot = "";
			targets = (
				ABB4910F1C23D6C10063F3B3 /* TLSTableView */,
				ABB491281C23D6C10063F3B3 /* TLSTableViewTests */,
				ABB491331C23D6C10063F3B3 /* TLSTableViewUITests */,
			);
		};
/* End PBXProject section */

/* Begin PBXResourcesBuildPhase section */
		ABB4910E1C23D6C10063F3B3 /* Resources */ = {
			isa = PBXResourcesBuildPhase;
			buildActionMask = 2147483647;
			files = (
				AB30A2AE1C23FA9A00EEE76F /* sheraton@2x.png in Resources */,
				AB30A2A41C23FA9A00EEE76F /* hilton@2x.png in Resources */,
				AB30A28B1C23FA9A00EEE76F /* bankofamerica@2x.png in Resources */,
				AB30A28C1C23FA9A00EEE76F /* barclays@2x.png in Resources */,
				AB30A2B91C23FA9A00EEE76F /* ebay@2x.png in Resources */,
				AB30A2CB1C23FA9A00EEE76F /* taobao@2x.png in Resources */,
				AB30A2B11C23FA9A00EEE76F /* 126@2x.png in Resources */,
				AB30A2B51C23FA9A00EEE76F /* amazon@2x.png in Resources */,
				AB30A2B21C23FA9A00EEE76F /* 163@2x.png in Resources */,
				AB30A2CA1C23FA9A00EEE76F /* qq mail@2x.png in Resources */,
				AB30A2A81C23FA9A00EEE76F /* mcard_hotel@2x.png in Resources */,
				AB30A2BD1C23FA9A00EEE76F /* github@2x.png in Resources */,
				AB30A2C71C23FA9A00EEE76F /* paypal@2x.png in Resources */,
				AB30A2C41C23FA9A00EEE76F /* live@2x.png in Resources */,
				AB30A2A61C23FA9A00EEE76F /* mcard_entertain@2x.png in Resources */,
				AB30A29E1C23FA9A00EEE76F /* IconRes.plist in Resources */,
				AB30A2A21C23FA9A00EEE76F /* gap@2x.png in Resources */,
				AB30A2B71C23FA9A00EEE76F /* baidu@2x.png in Resources */,
				AB30A2D31C23FA9A00EEE76F /* youtube@2x.png in Resources */,
				ABB491231C23D6C10063F3B3 /* LaunchScreen.storyboard in Resources */,
				AB30A2961C23FA9A00EEE76F /* intesasanpaolo@2x.png in Resources */,
				AB30A2AF1C23FA9A00EEE76F /* starbucks@2x.png in Resources */,
				AB30A2A71C23FA9A00EEE76F /* mcard_food@2x.png in Resources */,
				AB30A2AD1C23FA9A00EEE76F /* mcard_video@2x.png in Resources */,
				AB30A2C01C23FA9A00EEE76F /* google@2x.png in Resources */,
				AB30A2CD1C23FA9A00EEE76F /* twitter@2x.png in Resources */,
				AB30A2D21C23FA9A00EEE76F /* yahoo@2x.png in Resources */,
				AB30A2C61C23FA9A00EEE76F /* path@2x.png in Resources */,
				AB30A2A01C23FA9A00EEE76F /* decathlon@2x.png in Resources */,
				AB30A2BB1C23FA9A00EEE76F /* facebook@2x.png in Resources */,
				AB30A2BF1C23FA9A00EEE76F /* google+@2x.png in Resources */,
				AB30A2931C23FA9A00EEE76F /* goldmansachs@2x.png in Resources */,
				AB30A2D11C23FA9A00EEE76F /* yahoo mail@2x.png in Resources */,
				AB30A2911C23FA9A00EEE76F /* credit-agricole@2x.png in Resources */,
				AB30A2981C23FA9A00EEE76F /* rabobank@2x.png in Resources */,
				AB30A2A51C23FA9A00EEE76F /* ikea@2x.png in Resources */,
				AB30A2C51C23FA9A00EEE76F /* outlook@2x.png in Resources */,
				AB30A2C21C23FA9A00EEE76F /* instagram@2x.png in Resources */,
				AB30A2B41C23FA9A00EEE76F /* airbnb@2x.png in Resources */,
				AB30A2C11C23FA9A00EEE76F /* hotmail@2x.png in Resources */,
				AB30A2991C23FA9A00EEE76F /* rbs@2x.png in Resources */,
				AB30A2A31C23FA9A00EEE76F /* gnc@2x.png in Resources */,
				AB30A2B31C23FA9A00EEE76F /* agoda@2x.png in Resources */,
				AB30A29B1C23FA9A00EEE76F /* societegenerale@2x.png in Resources */,
				AB30A2B01C23FA9A00EEE76F /* walmart@2x.png in Resources */,
				AB30A2B61C23FA9A00EEE76F /* apple@2x.png in Resources */,
				AB30A2951C23FA9A00EEE76F /* icbc@2x.png in Resources */,
				AB30A2921C23FA9A00EEE76F /* db@2x.png in Resources */,
				AB30A2BC1C23FA9A00EEE76F /* gap@2x.png in Resources */,
				AB30A2C91C23FA9A00EEE76F /* pocket@2x.png in Resources */,
				AB30A2941C23FA9A00EEE76F /* hsbc@2x.png in Resources */,
				AB30A28E1C23FA9A00EEE76F /* boc@2x.png in Resources */,
				AB30A28A1C23FA9A00EEE76F /* abchina@2x.png in Resources */,
				AB30A29C1C23FA9A00EEE76F /* unicreditgroup@2x.png in Resources */,
				AB30A2C31C23FA9A00EEE76F /* linkedin@2x.png in Resources */,
				AB30A2BA1C23FA9A00EEE76F /* evernote@2x.png in Resources */,
				AB30A2CC1C23FA9A00EEE76F /* tumblr@2x.png in Resources */,
				AB30A29A1C23FA9A00EEE76F /* santander@2x.png in Resources */,
				AB30A2AB1C23FA9A00EEE76F /* mcard_shop@2x.png in Resources */,
				AB30A29F1C23FA9A00EEE76F /* carrefour@2x.png in Resources */,
				AB30A2BE1C23FA9A00EEE76F /* gmail@2x.png in Resources */,
				AB30A2D01C23FA9A00EEE76F /* whatsapp@2x.png in Resources */,
				AB30A2C81C23FA9A00EEE76F /* pinterest@2x.png in Resources */,
				AB30A28F1C23FA9A00EEE76F /* ccb@2x.png in Resources */,
				AB30A2A11C23FA9A00EEE76F /* esprit@2x.png in Resources */,
				ABB491201C23D6C10063F3B3 /* Assets.xcassets in Resources */,
				AB30A2901C23FA9A00EEE76F /* citi@2x.png in Resources */,
				AB30A2A91C23FA9A00EEE76F /* mcard_mail@2x.png in Resources */,
				AB30A2B81C23FA9A00EEE76F /* dropbox@2x.png in Resources */,
				AB30A2CF1C23FA9A00EEE76F /* weibo@2x.png in Resources */,
				AB30A2AA1C23FA9A00EEE76F /* mcard_more@2x.png in Resources */,
				AB30A2CE1C23FA9A00EEE76F /* vine@2x.png in Resources */,
				AB30A2AC1C23FA9A00EEE76F /* mcard_sns@2x.png in Resources */,
				AB30A28D1C23FA9A00EEE76F /* bnpparibas@2x.png in Resources */,
				AB30A2971C23FA9A00EEE76F /* jpmorganchase@2x.png in Resources */,
				ABB4911E1C23D6C10063F3B3 /* Main.storyboard in Resources */,
				AB30A29D1C23FA9A00EEE76F /* wellsfargo@2x.png in Resources */,
			);
			runOnlyForDeploymentPostprocessing = 0;
		};
		ABB491271C23D6C10063F3B3 /* Resources */ = {
			isa = PBXResourcesBuildPhase;
			buildActionMask = 2147483647;
			files = (
			);
			runOnlyForDeploymentPostprocessing = 0;
		};
		ABB491321C23D6C10063F3B3 /* Resources */ = {
			isa = PBXResourcesBuildPhase;
			buildActionMask = 2147483647;
			files = (
			);
			runOnlyForDeploymentPostprocessing = 0;
		};
/* End PBXResourcesBuildPhase section */

/* Begin PBXSourcesBuildPhase section */
		ABB4910C1C23D6C10063F3B3 /* Sources */ = {
			isa = PBXSourcesBuildPhase;
			buildActionMask = 2147483647;
			files = (
				ABB491811C23D6F80063F3B3 /* LEOBoxBaseBottomCell.m in Sources */,
				ABB491A41C23DE160063F3B3 /* DataManager.m in Sources */,
				ABB491991C23D7300063F3B3 /* LEOSLoginInfo.m in Sources */,
				ABB4918A1C23D6F80063F3B3 /* UITableView+Wave.m in Sources */,
				ABB491841C23D6F80063F3B3 /* LEOBoxBaseCellTopView.m in Sources */,
				ABB491981C23D7300063F3B3 /* LEOSBankCard.m in Sources */,
				AB30A2E61C24047500EEE76F /* LEODropListTableViewCell.m in Sources */,
				AB30A2E91C24047500EEE76F /* LEOPopupIconMenu.m in Sources */,
				ABB491901C23D7240063F3B3 /* LEOSDataManager.m in Sources */,
				ABB491E01C23E99C0063F3B3 /* FMDatabaseQueue.m in Sources */,
				ABB4917A1C23D6F80063F3B3 /* LEOBoxViewController.m in Sources */,
				ABB491DF1C23E99C0063F3B3 /* FMDatabasePool.m in Sources */,
				ABB491911C23D7240063F3B3 /* LEOSecurityBoxDataBaseObject.m in Sources */,
				AB30A2EB1C24047500EEE76F /* NSString+CheckString.m in Sources */,
				AB30A2F31C24047D00EEE76F /* AppDelegate.m in Sources */,
				ABB491DE1C23E99C0063F3B3 /* FMDatabaseAdditions.m in Sources */,
				ABB491E11C23E99C0063F3B3 /* FMResultSet.m in Sources */,
				AB30A2E81C24047500EEE76F /* LEOFileUtil.m in Sources */,
				AB30A2E51C24047500EEE76F /* LEOBaseNavigationController.m in Sources */,
				AB30A2EC1C24047500EEE76F /* UITool.m in Sources */,
				AB30A2F41C24047D00EEE76F /* TLSTabBarViewController.m in Sources */,
				ABB491DD1C23E99C0063F3B3 /* FMDatabase.m in Sources */,
				AB30A2E71C24047500EEE76F /* LEODropTableTextField.m in Sources */,
				AB30A2EA1C24047500EEE76F /* LEOWebInfo.m in Sources */,
				ABB491871C23D6F80063F3B3 /* LEOBoxTextField.m in Sources */,
				ABB491831C23D6F80063F3B3 /* LEOBoxBaseCellBottomView.m in Sources */,
				ABB491151C23D6C10063F3B3 /* main.m in Sources */,
				ABB4919A1C23D7300063F3B3 /* LEOSMembCard.m in Sources */,
				ABB491821C23D6F80063F3B3 /* LEOBoxBaseCell.m in Sources */,
				ABB491781C23D6F80063F3B3 /* LEOBoxBasicCellConfig.m in Sources */,
				ABB491771C23D6F80063F3B3 /* LEOBoxBasicCellBottomViewConfig.m in Sources */,
			);
			runOnlyForDeploymentPostprocessing = 0;
		};
		ABB491251C23D6C10063F3B3 /* Sources */ = {
			isa = PBXSourcesBuildPhase;
			buildActionMask = 2147483647;
			files = (
				ABB4912E1C23D6C10063F3B3 /* TLSTableViewTests.m in Sources */,
			);
			runOnlyForDeploymentPostprocessing = 0;
		};
		ABB491301C23D6C10063F3B3 /* Sources */ = {
			isa = PBXSourcesBuildPhase;
			buildActionMask = 2147483647;
			files = (
				ABB491391C23D6C10063F3B3 /* TLSTableViewUITests.m in Sources */,
			);
			runOnlyForDeploymentPostprocessing = 0;
		};
/* End PBXSourcesBuildPhase section */

/* Begin PBXTargetDependency section */
		ABB4912B1C23D6C10063F3B3 /* PBXTargetDependency */ = {
			isa = PBXTargetDependency;
			target = ABB4910F1C23D6C10063F3B3 /* TLSTableView */;
			targetProxy = ABB4912A1C23D6C10063F3B3 /* PBXContainerItemProxy */;
		};
		ABB491361C23D6C10063F3B3 /* PBXTargetDependency */ = {
			isa = PBXTargetDependency;
			target = ABB4910F1C23D6C10063F3B3 /* TLSTableView */;
			targetProxy = ABB491351C23D6C10063F3B3 /* PBXContainerItemProxy */;
		};
/* End PBXTargetDependency section */

/* Begin PBXVariantGroup section */
		ABB4911C1C23D6C10063F3B3 /* Main.storyboard */ = {
			isa = PBXVariantGroup;
			children = (
				ABB4911D1C23D6C10063F3B3 /* Base */,
			);
			name = Main.storyboard;
			sourceTree = "<group>";
		};
		ABB491211C23D6C10063F3B3 /* LaunchScreen.storyboard */ = {
			isa = PBXVariantGroup;
			children = (
				ABB491221C23D6C10063F3B3 /* Base */,
			);
			name = LaunchScreen.storyboard;
			sourceTree = "<group>";
		};
/* End PBXVariantGroup section */

/* Begin XCBuildConfiguration section */
		ABB4913B1C23D6C10063F3B3 /* Debug */ = {
			isa = XCBuildConfiguration;
			buildSettings = {
				ALWAYS_SEARCH_USER_PATHS = NO;
				CLANG_CXX_LANGUAGE_STANDARD = "gnu++0x";
				CLANG_CXX_LIBRARY = "libc++";
				CLANG_ENABLE_MODULES = YES;
				CLANG_ENABLE_OBJC_ARC = YES;
				CLANG_WARN_BOOL_CONVERSION = YES;
				CLANG_WARN_CONSTANT_CONVERSION = YES;
				CLANG_WARN_DIRECT_OBJC_ISA_USAGE = YES_ERROR;
				CLANG_WARN_EMPTY_BODY = YES;
				CLANG_WARN_ENUM_CONVERSION = YES;
				CLANG_WARN_INT_CONVERSION = YES;
				CLANG_WARN_OBJC_ROOT_CLASS = YES_ERROR;
				CLANG_WARN_UNREACHABLE_CODE = YES;
				CLANG_WARN__DUPLICATE_METHOD_MATCH = YES;
				"CODE_SIGN_IDENTITY[sdk=iphoneos*]" = "iPhone Developer";
				COPY_PHASE_STRIP = NO;
				DEBUG_INFORMATION_FORMAT = dwarf;
				ENABLE_STRICT_OBJC_MSGSEND = YES;
				ENABLE_TESTABILITY = YES;
				GCC_C_LANGUAGE_STANDARD = gnu99;
				GCC_DYNAMIC_NO_PIC = NO;
				GCC_NO_COMMON_BLOCKS = YES;
				GCC_OPTIMIZATION_LEVEL = 0;
				GCC_PREPROCESSOR_DEFINITIONS = (
					"DEBUG=1",
					"$(inherited)",
				);
				GCC_WARN_64_TO_32_BIT_CONVERSION = YES;
				GCC_WARN_ABOUT_RETURN_TYPE = YES_ERROR;
				GCC_WARN_UNDECLARED_SELECTOR = YES;
				GCC_WARN_UNINITIALIZED_AUTOS = YES_AGGRESSIVE;
				GCC_WARN_UNUSED_FUNCTION = YES;
				GCC_WARN_UNUSED_VARIABLE = YES;
				IPHONEOS_DEPLOYMENT_TARGET = 9.2;
				MTL_ENABLE_DEBUG_INFO = YES;
				ONLY_ACTIVE_ARCH = YES;
				SDKROOT = iphoneos;
				TARGETED_DEVICE_FAMILY = "1,2";
			};
			name = Debug;
		};
		ABB4913C1C23D6C10063F3B3 /* Release */ = {
			isa = XCBuildConfiguration;
			buildSettings = {
				ALWAYS_SEARCH_USER_PATHS = NO;
				CLANG_CXX_LANGUAGE_STANDARD = "gnu++0x";
				CLANG_CXX_LIBRARY = "libc++";
				CLANG_ENABLE_MODULES = YES;
				CLANG_ENABLE_OBJC_ARC = YES;
				CLANG_WARN_BOOL_CONVERSION = YES;
				CLANG_WARN_CONSTANT_CONVERSION = YES;
				CLANG_WARN_DIRECT_OBJC_ISA_USAGE = YES_ERROR;
				CLANG_WARN_EMPTY_BODY = YES;
				CLANG_WARN_ENUM_CONVERSION = YES;
				CLANG_WARN_INT_CONVERSION = YES;
				CLANG_WARN_OBJC_ROOT_CLASS = YES_ERROR;
				CLANG_WARN_UNREACHABLE_CODE = YES;
				CLANG_WARN__DUPLICATE_METHOD_MATCH = YES;
				"CODE_SIGN_IDENTITY[sdk=iphoneos*]" = "iPhone Developer";
				COPY_PHASE_STRIP = NO;
				DEBUG_INFORMATION_FORMAT = "dwarf-with-dsym";
				ENABLE_NS_ASSERTIONS = NO;
				ENABLE_STRICT_OBJC_MSGSEND = YES;
				GCC_C_LANGUAGE_STANDARD = gnu99;
				GCC_NO_COMMON_BLOCKS = YES;
				GCC_WARN_64_TO_32_BIT_CONVERSION = YES;
				GCC_WARN_ABOUT_RETURN_TYPE = YES_ERROR;
				GCC_WARN_UNDECLARED_SELECTOR = YES;
				GCC_WARN_UNINITIALIZED_AUTOS = YES_AGGRESSIVE;
				GCC_WARN_UNUSED_FUNCTION = YES;
				GCC_WARN_UNUSED_VARIABLE = YES;
				IPHONEOS_DEPLOYMENT_TARGET = 9.2;
				MTL_ENABLE_DEBUG_INFO = NO;
				SDKROOT = iphoneos;
				TARGETED_DEVICE_FAMILY = "1,2";
				VALIDATE_PRODUCT = YES;
			};
			name = Release;
		};
		ABB4913E1C23D6C10063F3B3 /* Debug */ = {
			isa = XCBuildConfiguration;
			buildSettings = {
				ASSETCATALOG_COMPILER_APPICON_NAME = AppIcon;
				INFOPLIST_FILE = TLSTableView/Info.plist;
				LD_RUNPATH_SEARCH_PATHS = "$(inherited) @executable_path/Frameworks";
				PRODUCT_BUNDLE_IDENTIFIER = com.Leomaster.TLSTableView;
				PRODUCT_NAME = "$(TARGET_NAME)";
			};
			name = Debug;
		};
		ABB4913F1C23D6C10063F3B3 /* Release */ = {
			isa = XCBuildConfiguration;
			buildSettings = {
				ASSETCATALOG_COMPILER_APPICON_NAME = AppIcon;
				INFOPLIST_FILE = TLSTableView/Info.plist;
				LD_RUNPATH_SEARCH_PATHS = "$(inherited) @executable_path/Frameworks";
				PRODUCT_BUNDLE_IDENTIFIER = com.Leomaster.TLSTableView;
				PRODUCT_NAME = "$(TARGET_NAME)";
			};
			name = Release;
		};
		ABB491411C23D6C10063F3B3 /* Debug */ = {
			isa = XCBuildConfiguration;
			buildSettings = {
				BUNDLE_LOADER = "$(TEST_HOST)";
				INFOPLIST_FILE = TLSTableViewTests/Info.plist;
				LD_RUNPATH_SEARCH_PATHS = "$(inherited) @executable_path/Frameworks @loader_path/Frameworks";
				PRODUCT_BUNDLE_IDENTIFIER = com.Leomaster.TLSTableViewTests;
				PRODUCT_NAME = "$(TARGET_NAME)";
				TEST_HOST = "$(BUILT_PRODUCTS_DIR)/TLSTableView.app/TLSTableView";
			};
			name = Debug;
		};
		ABB491421C23D6C10063F3B3 /* Release */ = {
			isa = XCBuildConfiguration;
			buildSettings = {
				BUNDLE_LOADER = "$(TEST_HOST)";
				INFOPLIST_FILE = TLSTableViewTests/Info.plist;
				LD_RUNPATH_SEARCH_PATHS = "$(inherited) @executable_path/Frameworks @loader_path/Frameworks";
				PRODUCT_BUNDLE_IDENTIFIER = com.Leomaster.TLSTableViewTests;
				PRODUCT_NAME = "$(TARGET_NAME)";
				TEST_HOST = "$(BUILT_PRODUCTS_DIR)/TLSTableView.app/TLSTableView";
			};
			name = Release;
		};
		ABB491441C23D6C10063F3B3 /* Debug */ = {
			isa = XCBuildConfiguration;
			buildSettings = {
				INFOPLIST_FILE = TLSTableViewUITests/Info.plist;
				LD_RUNPATH_SEARCH_PATHS = "$(inherited) @executable_path/Frameworks @loader_path/Frameworks";
				PRODUCT_BUNDLE_IDENTIFIER = com.Leomaster.TLSTableViewUITests;
				PRODUCT_NAME = "$(TARGET_NAME)";
				TEST_TARGET_NAME = TLSTableView;
				USES_XCTRUNNER = YES;
			};
			name = Debug;
		};
		ABB491451C23D6C10063F3B3 /* Release */ = {
			isa = XCBuildConfiguration;
			buildSettings = {
				INFOPLIST_FILE = TLSTableViewUITests/Info.plist;
				LD_RUNPATH_SEARCH_PATHS = "$(inherited) @executable_path/Frameworks @loader_path/Frameworks";
				PRODUCT_BUNDLE_IDENTIFIER = com.Leomaster.TLSTableViewUITests;
				PRODUCT_NAME = "$(TARGET_NAME)";
				TEST_TARGET_NAME = TLSTableView;
				USES_XCTRUNNER = YES;
			};
			name = Release;
		};
/* End XCBuildConfiguration section */

/* Begin XCConfigurationList section */
		ABB4910B1C23D6C10063F3B3 /* Build configuration list for PBXProject "TLSTableView" */ = {
			isa = XCConfigurationList;
			buildConfigurations = (
				ABB4913B1C23D6C10063F3B3 /* Debug */,
				ABB4913C1C23D6C10063F3B3 /* Release */,
			);
			defaultConfigurationIsVisible = 0;
			defaultConfigurationName = Release;
		};
		ABB4913D1C23D6C10063F3B3 /* Build configuration list for PBXNativeTarget "TLSTableView" */ = {
			isa = XCConfigurationList;
			buildConfigurations = (
				ABB4913E1C23D6C10063F3B3 /* Debug */,
				ABB4913F1C23D6C10063F3B3 /* Release */,
			);
			defaultConfigurationIsVisible = 0;
			defaultConfigurationName = Release;
		};
		ABB491401C23D6C10063F3B3 /* Build configuration list for PBXNativeTarget "TLSTableViewTests" */ = {
			isa = XCConfigurationList;
			buildConfigurations = (
				ABB491411C23D6C10063F3B3 /* Debug */,
				ABB491421C23D6C10063F3B3 /* Release */,
			);
			defaultConfigurationIsVisible = 0;
			defaultConfigurationName = Release;
		};
		ABB491431C23D6C10063F3B3 /* Build configuration list for PBXNativeTarget "TLSTableViewUITests" */ = {
			isa = XCConfigurationList;
			buildConfigurations = (
				ABB491441C23D6C10063F3B3 /* Debug */,
				ABB491451C23D6C10063F3B3 /* Release */,
			);
			defaultConfigurationIsVisible = 0;
			defaultConfigurationName = Release;
		};
/* End XCConfigurationList section */
	};
	rootObject = ABB491081C23D6C10063F3B3 /* Project object */;
}
